// !$*UTF8*$!
{
	archiveVersion = 1;
	classes = {
	};
	objectVersion = 50;
	objects = {

/* Begin PBXBuildFile section */
		24840B6527799F1200B97C83 /* main.m in Sources */ = {isa = PBXBuildFile; fileRef = 24840B6427799F1200B97C83 /* main.m */; };
		24840B732779A2AF00B97C83 /* WeatherData.m in Sources */ = {isa = PBXBuildFile; fileRef = 24840B722779A2AF00B97C83 /* WeatherData.m */; };
		24840B782779A59900B97C83 /* CurrentConditionsDisplay.m in Sources */ = {isa = PBXBuildFile; fileRef = 24840B772779A59900B97C83 /* CurrentConditionsDisplay.m */; };
		24840B7C2779AC5F00B97C83 /* Observerable.m in Sources */ = {isa = PBXBuildFile; fileRef = 24840B7B2779AC5F00B97C83 /* Observerable.m */; };
		24840B802779AC8800B97C83 /* WeatherDataNew.m in Sources */ = {isa = PBXBuildFile; fileRef = 24840B7F2779AC8800B97C83 /* WeatherDataNew.m */; };
		24840B8D2779B58A00B97C83 /* CurrentConditionsDisplayNew.m in Sources */ = {isa = PBXBuildFile; fileRef = 24840B8C2779B58A00B97C83 /* CurrentConditionsDisplayNew.m */; };
/* End PBXBuildFile section */

/* Begin PBXCopyFilesBuildPhase section */
		24840B5F27799F1200B97C83 /* CopyFiles */ = {
			isa = PBXCopyFilesBuildPhase;
			buildActionMask = 2147483647;
			dstPath = /usr/share/man/man1/;
			dstSubfolderSpec = 0;
			files = (
			);
			runOnlyForDeploymentPostprocessing = 1;
		};
/* End PBXCopyFilesBuildPhase section */

/* Begin PBXFileReference section */
		24840B6127799F1200B97C83 /* 观察者模式 */ = {isa = PBXFileReference; explicitFileType = "compiled.mach-o.executable"; includeInIndex = 0; path = "观察者模式"; sourceTree = BUILT_PRODUCTS_DIR; };
		24840B6427799F1200B97C83 /* main.m */ = {isa = PBXFileReference; lastKnownFileType = sourcecode.c.objc; path = main.m; sourceTree = "<group>"; };
		24840B6E2779A1F800B97C83 /* Subject.h */ = {isa = PBXFileReference; lastKnownFileType = sourcecode.c.h; path = Subject.h; sourceTree = "<group>"; };
		24840B6F2779A20100B97C83 /* Observer.h */ = {isa = PBXFileReference; lastKnownFileType = sourcecode.c.h; path = Observer.h; sourceTree = "<group>"; };
		24840B712779A2AF00B97C83 /* WeatherData.h */ = {isa = PBXFileReference; lastKnownFileType = sourcecode.c.h; path = WeatherData.h; sourceTree = "<group>"; };
		24840B722779A2AF00B97C83 /* WeatherData.m */ = {isa = PBXFileReference; lastKnownFileType = sourcecode.c.objc; path = WeatherData.m; sourceTree = "<group>"; };
		24840B752779A39200B97C83 /* DisplayElement.h */ = {isa = PBXFileReference; lastKnownFileType = sourcecode.c.h; path = DisplayElement.h; sourceTree = "<group>"; };
		24840B762779A59900B97C83 /* CurrentConditionsDisplay.h */ = {isa = PBXFileReference; lastKnownFileType = sourcecode.c.h; path = CurrentConditionsDisplay.h; sourceTree = "<group>"; };
		24840B772779A59900B97C83 /* CurrentConditionsDisplay.m */ = {isa = PBXFileReference; lastKnownFileType = sourcecode.c.objc; path = CurrentConditionsDisplay.m; sourceTree = "<group>"; };
		24840B7A2779AC5F00B97C83 /* Observerable.h */ = {isa = PBXFileReference; fileEncoding = 4; lastKnownFileType = sourcecode.c.h; path = Observerable.h; sourceTree = "<group>"; };
		24840B7B2779AC5F00B97C83 /* Observerable.m */ = {isa = PBXFileReference; fileEncoding = 4; lastKnownFileType = sourcecode.c.objc; path = Observerable.m; sourceTree = "<group>"; };
		24840B7E2779AC8800B97C83 /* WeatherDataNew.h */ = {isa = PBXFileReference; lastKnownFileType = sourcecode.c.h; path = WeatherDataNew.h; sourceTree = "<group>"; };
		24840B7F2779AC8800B97C83 /* WeatherDataNew.m */ = {isa = PBXFileReference; lastKnownFileType = sourcecode.c.objc; path = WeatherDataNew.m; sourceTree = "<group>"; };
		24840B8B2779B58A00B97C83 /* CurrentConditionsDisplayNew.h */ = {isa = PBXFileReference; lastKnownFileType = sourcecode.c.h; path = CurrentConditionsDisplayNew.h; sourceTree = "<group>"; };
		24840B8C2779B58A00B97C83 /* CurrentConditionsDisplayNew.m */ = {isa = PBXFileReference; lastKnownFileType = sourcecode.c.objc; path = CurrentConditionsDisplayNew.m; sourceTree = "<group>"; };
/* End PBXFileReference section */

/* Begin PBXFrameworksBuildPhase section */
		24840B5E27799F1200B97C83 /* Frameworks */ = {
			isa = PBXFrameworksBuildPhase;
			buildActionMask = 2147483647;
			files = (
			);
			runOnlyForDeploymentPostprocessing = 0;
		};
/* End PBXFrameworksBuildPhase section */

/* Begin PBXGroup section */
		24840B5827799F1200B97C83 = {
			isa = PBXGroup;
			children = (
				24840B6327799F1200B97C83 /* 观察者模式 */,
				24840B6227799F1200B97C83 /* Products */,
			);
			sourceTree = "<group>";
		};
		24840B6227799F1200B97C83 /* Products */ = {
			isa = PBXGroup;
			children = (
				24840B6127799F1200B97C83 /* 观察者模式 */,
			);
			name = Products;
			sourceTree = "<group>";
		};
		24840B6327799F1200B97C83 /* 观察者模式 */ = {
			isa = PBXGroup;
			children = (
				24840B6D2779A07C00B97C83 /* 气象站 */,
				24840B6427799F1200B97C83 /* main.m */,
			);
			path = "观察者模式";
			sourceTree = "<group>";
		};
		24840B6D2779A07C00B97C83 /* 气象站 */ = {
			isa = PBXGroup;
			children = (
				24840B7A2779AC5F00B97C83 /* Observerable.h */,
				24840B7B2779AC5F00B97C83 /* Observerable.m */,
				24840B6E2779A1F800B97C83 /* Subject.h */,
				24840B6F2779A20100B97C83 /* Observer.h */,
				24840B712779A2AF00B97C83 /* WeatherData.h */,
				24840B722779A2AF00B97C83 /* WeatherData.m */,
				24840B752779A39200B97C83 /* DisplayElement.h */,
				24840B762779A59900B97C83 /* CurrentConditionsDisplay.h */,
				24840B772779A59900B97C83 /* CurrentConditionsDisplay.m */,
				24840B7E2779AC8800B97C83 /* WeatherDataNew.h */,
				24840B7F2779AC8800B97C83 /* WeatherDataNew.m */,
				24840B8B2779B58A00B97C83 /* CurrentConditionsDisplayNew.h */,
				24840B8C2779B58A00B97C83 /* CurrentConditionsDisplayNew.m */,
			);
			path = "气象站";
			sourceTree = "<group>";
		};
/* End PBXGroup section */

/* Begin PBXNativeTarget section */
		24840B6027799F1200B97C83 /* 观察者模式 */ = {
			isa = PBXNativeTarget;
			buildConfigurationList = 24840B6827799F1200B97C83 /* Build configuration list for PBXNativeTarget "观察者模式" */;
			buildPhases = (
				24840B5D27799F1200B97C83 /* Sources */,
				24840B5E27799F1200B97C83 /* Frameworks */,
				24840B5F27799F1200B97C83 /* CopyFiles */,
			);
			buildRules = (
			);
			dependencies = (
			);
			name = "观察者模式";
			productName = "观察者模式";
			productReference = 24840B6127799F1200B97C83 /* 观察者模式 */;
			productType = "com.apple.product-type.tool";
		};
/* End PBXNativeTarget section */

/* Begin PBXProject section */
		24840B5927799F1200B97C83 /* Project object */ = {
			isa = PBXProject;
			attributes = {
				LastUpgradeCheck = 1240;
				TargetAttributes = {
					24840B6027799F1200B97C83 = {
						CreatedOnToolsVersion = 12.4;
					};
				};
			};
			buildConfigurationList = 24840B5C27799F1200B97C83 /* Build configuration list for PBXProject "观察者模式" */;
			compatibilityVersion = "Xcode 9.3";
			developmentRegion = en;
			hasScannedForEncodings = 0;
			knownRegions = (
				en,
				Base,
			);
			mainGroup = 24840B5827799F1200B97C83;
			productRefGroup = 24840B6227799F1200B97C83 /* Products */;
			projectDirPath = "";
			projectRoot = "";
			targets = (
				24840B6027799F1200B97C83 /* 观察者模式 */,
			);
		};
/* End PBXProject section */

/* Begin PBXSourcesBuildPhase section */
		24840B5D27799F1200B97C83 /* Sources */ = {
			isa = PBXSourcesBuildPhase;
			buildActionMask = 2147483647;
			files = (
				24840B802779AC8800B97C83 /* WeatherDataNew.m in Sources */,
				24840B732779A2AF00B97C83 /* WeatherData.m in Sources */,
				24840B7C2779AC5F00B97C83 /* Observerable.m in Sources */,
				24840B6527799F1200B97C83 /* main.m in Sources */,
				24840B782779A59900B97C83 /* CurrentConditionsDisplay.m in Sources */,
				24840B8D2779B58A00B97C83 /* CurrentConditionsDisplayNew.m in Sources */,
			);
			runOnlyForDeploymentPostprocessing = 0;
		};
/* End PBXSourcesBuildPhase section */

/* Begin XCBuildConfiguration section */
		24840B6627799F1200B97C83 /* Debug */ = {
			isa = XCBuildConfiguration;
			buildSettings = {
				ALWAYS_SEARCH_USER_PATHS = NO;
				CLANG_ANALYZER_NONNULL = YES;
				CLANG_ANALYZER_NUMBER_OBJECT_CONVERSION = YES_AGGRESSIVE;
				CLANG_CXX_LANGUAGE_STANDARD = "gnu++14";
				CLANG_CXX_LIBRARY = "libc++";
				CLANG_ENABLE_MODULES = YES;
				CLANG_ENABLE_OBJC_ARC = YES;
				CLANG_ENABLE_OBJC_WEAK = YES;
				CLANG_WARN_BLOCK_CAPTURE_AUTORELEASING = YES;
				CLANG_WARN_BOOL_CONVERSION = YES;
				CLANG_WARN_COMMA = YES;
				CLANG_WARN_CONSTANT_CONVERSION = YES;
				CLANG_WARN_DEPRECATED_OBJC_IMPLEMENTATIONS = YES;
				CLANG_WARN_DIRECT_OBJC_ISA_USAGE = YES_ERROR;
				CLANG_WARN_DOCUMENTATION_COMMENTS = YES;
				CLANG_WARN_EMPTY_BODY = YES;
				CLANG_WARN_ENUM_CONVERSION = YES;
				CLANG_WARN_INFINITE_RECURSION = YES;
				CLANG_WARN_INT_CONVERSION = YES;
				CLANG_WARN_NON_LITERAL_NULL_CONVERSION = YES;
				CLANG_WARN_OBJC_IMPLICIT_RETAIN_SELF = YES;
				CLANG_WARN_OBJC_LITERAL_CONVERSION = YES;
				CLANG_WARN_OBJC_ROOT_CLASS = YES_ERROR;
				CLANG_WARN_QUOTED_INCLUDE_IN_FRAMEWORK_HEADER = YES;
				CLANG_WARN_RANGE_LOOP_ANALYSIS = YES;
				CLANG_WARN_STRICT_PROTOTYPES = YES;
				CLANG_WARN_SUSPICIOUS_MOVE = YES;
				CLANG_WARN_UNGUARDED_AVAILABILITY = YES_AGGRESSIVE;
				CLANG_WARN_UNREACHABLE_CODE = YES;
				CLANG_WARN__DUPLICATE_METHOD_MATCH = YES;
				COPY_PHASE_STRIP = NO;
				DEBUG_INFORMATION_FORMAT = dwarf;
				ENABLE_STRICT_OBJC_MSGSEND = YES;
				ENABLE_TESTABILITY = YES;
				GCC_C_LANGUAGE_STANDARD = gnu11;
				GCC_DYNAMIC_NO_PIC = NO;
				GCC_NO_COMMON_BLOCKS = YES;
				GCC_OPTIMIZATION_LEVEL = 0;
				GCC_PREPROCESSOR_DEFINITIONS = (
					"DEBUG=1",
					"$(inherited)",
				);
				GCC_WARN_64_TO_32_BIT_CONVERSION = YES;
				GCC_WARN_ABOUT_RETURN_TYPE = YES_ERROR;
				GCC_WARN_UNDECLARED_SELECTOR = YES;
				GCC_WARN_UNINITIALIZED_AUTOS = YES_AGGRESSIVE;
				GCC_WARN_UNUSED_FUNCTION = YES;
				GCC_WARN_UNUSED_VARIABLE = YES;
				MACOSX_DEPLOYMENT_TARGET = 10.15;
				MTL_ENABLE_DEBUG_INFO = INCLUDE_SOURCE;
				MTL_FAST_MATH = YES;
				ONLY_ACTIVE_ARCH = YES;
				SDKROOT = macosx;
			};
			name = Debug;
		};
		24840B6727799F1200B97C83 /* Release */ = {
			isa = XCBuildConfiguration;
			buildSettings = {
				ALWAYS_SEARCH_USER_PATHS = NO;
				CLANG_ANALYZER_NONNULL = YES;
				CLANG_ANALYZER_NUMBER_OBJECT_CONVERSION = YES_AGGRESSIVE;
				CLANG_CXX_LANGUAGE_STANDARD = "gnu++14";
				CLANG_CXX_LIBRARY = "libc++";
				CLANG_ENABLE_MODULES = YES;
				CLANG_ENABLE_OBJC_ARC = YES;
				CLANG_ENABLE_OBJC_WEAK = YES;
				CLANG_WARN_BLOCK_CAPTURE_AUTORELEASING = YES;
				CLANG_WARN_BOOL_CONVERSION = YES;
				CLANG_WARN_COMMA = YES;
				CLANG_WARN_CONSTANT_CONVERSION = YES;
				CLANG_WARN_DEPRECATED_OBJC_IMPLEMENTATIONS = YES;
				CLANG_WARN_DIRECT_OBJC_ISA_USAGE = YES_ERROR;
				CLANG_WARN_DOCUMENTATION_COMMENTS = YES;
				CLANG_WARN_EMPTY_BODY = YES;
				CLANG_WARN_ENUM_CONVERSION = YES;
				CLANG_WARN_INFINITE_RECURSION = YES;
				CLANG_WARN_INT_CONVERSION = YES;
				CLANG_WARN_NON_LITERAL_NULL_CONVERSION = YES;
				CLANG_WARN_OBJC_IMPLICIT_RETAIN_SELF = YES;
				CLANG_WARN_OBJC_LITERAL_CONVERSION = YES;
				CLANG_WARN_OBJC_ROOT_CLASS = YES_ERROR;
				CLANG_WARN_QUOTED_INCLUDE_IN_FRAMEWORK_HEADER = YES;
				CLANG_WARN_RANGE_LOOP_ANALYSIS = YES;
				CLANG_WARN_STRICT_PROTOTYPES = YES;
				CLANG_WARN_SUSPICIOUS_MOVE = YES;
				CLANG_WARN_UNGUARDED_AVAILABILITY = YES_AGGRESSIVE;
				CLANG_WARN_UNREACHABLE_CODE = YES;
				CLANG_WARN__DUPLICATE_METHOD_MATCH = YES;
				COPY_PHASE_STRIP = NO;
				DEBUG_INFORMATION_FORMAT = "dwarf-with-dsym";
				ENABLE_NS_ASSERTIONS = NO;
				ENABLE_STRICT_OBJC_MSGSEND = YES;
				GCC_C_LANGUAGE_STANDARD = gnu11;
				GCC_NO_COMMON_BLOCKS = YES;
				GCC_WARN_64_TO_32_BIT_CONVERSION = YES;
				GCC_WARN_ABOUT_RETURN_TYPE = YES_ERROR;
				GCC_WARN_UNDECLARED_SELECTOR = YES;
				GCC_WARN_UNINITIALIZED_AUTOS = YES_AGGRESSIVE;
				GCC_WARN_UNUSED_FUNCTION = YES;
				GCC_WARN_UNUSED_VARIABLE = YES;
				MACOSX_DEPLOYMENT_TARGET = 10.15;
				MTL_ENABLE_DEBUG_INFO = NO;
				MTL_FAST_MATH = YES;
				SDKROOT = macosx;
			};
			name = Release;
		};
		24840B6927799F1200B97C83 /* Debug */ = {
			isa = XCBuildConfiguration;
			buildSettings = {
				CODE_SIGN_STYLE = Automatic;
				PRODUCT_NAME = "$(TARGET_NAME)";
			};
			name = Debug;
		};
		24840B6A27799F1200B97C83 /* Release */ = {
			isa = XCBuildConfiguration;
			buildSettings = {
				CODE_SIGN_STYLE = Automatic;
				PRODUCT_NAME = "$(TARGET_NAME)";
			};
			name = Release;
		};
/* End XCBuildConfiguration section */

/* Begin XCConfigurationList section */
		24840B5C27799F1200B97C83 /* Build configuration list for PBXProject "观察者模式" */ = {
			isa = XCConfigurationList;
			buildConfigurations = (
				24840B6627799F1200B97C83 /* Debug */,
				24840B6727799F1200B97C83 /* Release */,
			);
			defaultConfigurationIsVisible = 0;
			defaultConfigurationName = Release;
		};
		24840B6827799F1200B97C83 /* Build configuration list for PBXNativeTarget "观察者模式" */ = {
			isa = XCConfigurationList;
			buildConfigurations = (
				24840B6927799F1200B97C83 /* Debug */,
				24840B6A27799F1200B97C83 /* Release */,
			);
			defaultConfigurationIsVisible = 0;
			defaultConfigurationName = Release;
		};
/* End XCConfigurationList section */
	};
	rootObject = 24840B5927799F1200B97C83 /* Project object */;
}
