// !$*UTF8*$!
{
	archiveVersion = 1;
	classes = {
	};
	objectVersion = 50;
	objects = {

/* Begin PBXBuildFile section */
		245413B3277AA52000DFC18E /* SimplePizzaFactory.m in Sources */ = {isa = PBXBuildFile; fileRef = 245413B2277AA52000DFC18E /* SimplePizzaFactory.m */; };
		245413B8277AA54800DFC18E /* Pizza.m in Sources */ = {isa = PBXBuildFile; fileRef = 245413B7277AA54800DFC18E /* Pizza.m */; };
		245413BC277AA5BC00DFC18E /* CheesePizza.m in Sources */ = {isa = PBXBuildFile; fileRef = 245413BB277AA5BC00DFC18E /* CheesePizza.m */; };
		245413C0277AA5CF00DFC18E /* PepperoniPizza.m in Sources */ = {isa = PBXBuildFile; fileRef = 245413BF277AA5CF00DFC18E /* PepperoniPizza.m */; };
		245413CA277AA68800DFC18E /* SimplePizzaStore.m in Sources */ = {isa = PBXBuildFile; fileRef = 245413C9277AA68800DFC18E /* SimplePizzaStore.m */; };
		245413CF277AACD000DFC18E /* NYStyleCheesePizza.m in Sources */ = {isa = PBXBuildFile; fileRef = 245413CE277AACD000DFC18E /* NYStyleCheesePizza.m */; };
		245413D3277AAD4A00DFC18E /* ChicagoStleCheesePizza.m in Sources */ = {isa = PBXBuildFile; fileRef = 245413D2277AAD4A00DFC18E /* ChicagoStleCheesePizza.m */; };
		245413D7277AAECA00DFC18E /* PizzaStore.m in Sources */ = {isa = PBXBuildFile; fileRef = 245413D6277AAECA00DFC18E /* PizzaStore.m */; };
		245413DB277AAF9500DFC18E /* NYPizzaStore.m in Sources */ = {isa = PBXBuildFile; fileRef = 245413DA277AAF9500DFC18E /* NYPizzaStore.m */; };
		245413DF277AB02900DFC18E /* TestFactory.m in Sources */ = {isa = PBXBuildFile; fileRef = 245413DE277AB02900DFC18E /* TestFactory.m */; };
		245413E4277AB0F200DFC18E /* ChicagoPizzaStore.m in Sources */ = {isa = PBXBuildFile; fileRef = 245413E3277AB0F200DFC18E /* ChicagoPizzaStore.m */; };
		245413ED277AE65D00DFC18E /* ThinCrustDough.m in Sources */ = {isa = PBXBuildFile; fileRef = 245413EC277AE65D00DFC18E /* ThinCrustDough.m */; };
		245413F1277AE6D100DFC18E /* MarinaraSouce.m in Sources */ = {isa = PBXBuildFile; fileRef = 245413F0277AE6D100DFC18E /* MarinaraSouce.m */; };
		245413F5277AE9BA00DFC18E /* CheesePizzaC.m in Sources */ = {isa = PBXBuildFile; fileRef = 245413F4277AE9BA00DFC18E /* CheesePizzaC.m */; };
		245413F9277AEE3400DFC18E /* CHPizzaStore.m in Sources */ = {isa = PBXBuildFile; fileRef = 245413F8277AEE3400DFC18E /* CHPizzaStore.m */; };
		245413FD277AEE8600DFC18E /* ChPizzaIngredientFactory.m in Sources */ = {isa = PBXBuildFile; fileRef = 245413FC277AEE8600DFC18E /* ChPizzaIngredientFactory.m */; };
		24541401277AEF9B00DFC18E /* TestFactoryChou.m in Sources */ = {isa = PBXBuildFile; fileRef = 24541400277AEF9B00DFC18E /* TestFactoryChou.m */; };
		24840B9C2779D17A00B97C83 /* main.m in Sources */ = {isa = PBXBuildFile; fileRef = 24840B9B2779D17A00B97C83 /* main.m */; };
		24840BF82779D32F00B97C83 /* Quack.m in Sources */ = {isa = PBXBuildFile; fileRef = 24840BE52779D32F00B97C83 /* Quack.m */; };
		24840BF92779D32F00B97C83 /* FlyNoWay.m in Sources */ = {isa = PBXBuildFile; fileRef = 24840BE72779D32F00B97C83 /* FlyNoWay.m */; };
		24840BFA2779D32F00B97C83 /* FlyyWithWings.m in Sources */ = {isa = PBXBuildFile; fileRef = 24840BE92779D32F00B97C83 /* FlyyWithWings.m */; };
		24840BFB2779D32F00B97C83 /* MuteQuack.m in Sources */ = {isa = PBXBuildFile; fileRef = 24840BEB2779D32F00B97C83 /* MuteQuack.m */; };
		24840BFC2779D32F00B97C83 /* Squeak.m in Sources */ = {isa = PBXBuildFile; fileRef = 24840BEC2779D32F00B97C83 /* Squeak.m */; };
		24840BFD2779D32F00B97C83 /* MiniDuck.m in Sources */ = {isa = PBXBuildFile; fileRef = 24840BEE2779D32F00B97C83 /* MiniDuck.m */; };
		24840BFE2779D32F00B97C83 /* Duck.m in Sources */ = {isa = PBXBuildFile; fileRef = 24840BF02779D32F00B97C83 /* Duck.m */; };
		24840BFF2779D32F00B97C83 /* ModelDuck.m in Sources */ = {isa = PBXBuildFile; fileRef = 24840BF52779D32F00B97C83 /* ModelDuck.m */; };
		24840C102779D33900B97C83 /* WeatherData.m in Sources */ = {isa = PBXBuildFile; fileRef = 24840C032779D33900B97C83 /* WeatherData.m */; };
		24840C112779D33900B97C83 /* Observerable.m in Sources */ = {isa = PBXBuildFile; fileRef = 24840C042779D33900B97C83 /* Observerable.m */; };
		24840C122779D33900B97C83 /* CurrentConditionsDisplayNew.m in Sources */ = {isa = PBXBuildFile; fileRef = 24840C0C2779D33900B97C83 /* CurrentConditionsDisplayNew.m */; };
		24840C132779D33900B97C83 /* CurrentConditionsDisplay.m in Sources */ = {isa = PBXBuildFile; fileRef = 24840C0D2779D33900B97C83 /* CurrentConditionsDisplay.m */; };
		24840C142779D33900B97C83 /* WeatherDataNew.m in Sources */ = {isa = PBXBuildFile; fileRef = 24840C0E2779D33900B97C83 /* WeatherDataNew.m */; };
		24840C182779D43100B97C83 /* testcelue.m in Sources */ = {isa = PBXBuildFile; fileRef = 24840C172779D43100B97C83 /* testcelue.m */; };
		24840C1C2779D4F600B97C83 /* testObservable.m in Sources */ = {isa = PBXBuildFile; fileRef = 24840C1B2779D4F600B97C83 /* testObservable.m */; };
		24BD508A2779D89E000197BF /* testZhuangshi.m in Sources */ = {isa = PBXBuildFile; fileRef = 24BD50892779D89E000197BF /* testZhuangshi.m */; };
		24BD509A2779DF0C000197BF /* Beverage.m in Sources */ = {isa = PBXBuildFile; fileRef = 24BD50992779DF0C000197BF /* Beverage.m */; };
		24BD509F2779DF6F000197BF /* CondimentDecorator.m in Sources */ = {isa = PBXBuildFile; fileRef = 24BD509E2779DF6F000197BF /* CondimentDecorator.m */; };
		24BD50A52779DF9E000197BF /* Espresso.m in Sources */ = {isa = PBXBuildFile; fileRef = 24BD50A42779DF9E000197BF /* Espresso.m */; };
		24BD50A92779E00B000197BF /* HouseBlend.m in Sources */ = {isa = PBXBuildFile; fileRef = 24BD50A82779E00B000197BF /* HouseBlend.m */; };
		24BD50AD2779E078000197BF /* Mocha.m in Sources */ = {isa = PBXBuildFile; fileRef = 24BD50AC2779E078000197BF /* Mocha.m */; };
/* End PBXBuildFile section */

/* Begin PBXCopyFilesBuildPhase section */
		24840B962779D17A00B97C83 /* CopyFiles */ = {
			isa = PBXCopyFilesBuildPhase;
			buildActionMask = 2147483647;
			dstPath = /usr/share/man/man1/;
			dstSubfolderSpec = 0;
			files = (
			);
			runOnlyForDeploymentPostprocessing = 1;
		};
/* End PBXCopyFilesBuildPhase section */

/* Begin PBXFileReference section */
		245413AE277AA33100DFC18E /* README.md */ = {isa = PBXFileReference; lastKnownFileType = net.daringfireball.markdown; path = README.md; sourceTree = "<group>"; };
		245413B1277AA52000DFC18E /* SimplePizzaFactory.h */ = {isa = PBXFileReference; lastKnownFileType = sourcecode.c.h; path = SimplePizzaFactory.h; sourceTree = "<group>"; };
		245413B2277AA52000DFC18E /* SimplePizzaFactory.m */ = {isa = PBXFileReference; lastKnownFileType = sourcecode.c.objc; path = SimplePizzaFactory.m; sourceTree = "<group>"; };
		245413B6277AA54800DFC18E /* Pizza.h */ = {isa = PBXFileReference; lastKnownFileType = sourcecode.c.h; path = Pizza.h; sourceTree = "<group>"; };
		245413B7277AA54800DFC18E /* Pizza.m */ = {isa = PBXFileReference; lastKnownFileType = sourcecode.c.objc; path = Pizza.m; sourceTree = "<group>"; };
		245413BA277AA5BC00DFC18E /* CheesePizza.h */ = {isa = PBXFileReference; lastKnownFileType = sourcecode.c.h; path = CheesePizza.h; sourceTree = "<group>"; };
		245413BB277AA5BC00DFC18E /* CheesePizza.m */ = {isa = PBXFileReference; lastKnownFileType = sourcecode.c.objc; path = CheesePizza.m; sourceTree = "<group>"; };
		245413BE277AA5CF00DFC18E /* PepperoniPizza.h */ = {isa = PBXFileReference; lastKnownFileType = sourcecode.c.h; path = PepperoniPizza.h; sourceTree = "<group>"; };
		245413BF277AA5CF00DFC18E /* PepperoniPizza.m */ = {isa = PBXFileReference; lastKnownFileType = sourcecode.c.objc; path = PepperoniPizza.m; sourceTree = "<group>"; };
		245413C8277AA68800DFC18E /* SimplePizzaStore.h */ = {isa = PBXFileReference; lastKnownFileType = sourcecode.c.h; path = SimplePizzaStore.h; sourceTree = "<group>"; };
		245413C9277AA68800DFC18E /* SimplePizzaStore.m */ = {isa = PBXFileReference; lastKnownFileType = sourcecode.c.objc; path = SimplePizzaStore.m; sourceTree = "<group>"; };
		245413CD277AACD000DFC18E /* NYStyleCheesePizza.h */ = {isa = PBXFileReference; lastKnownFileType = sourcecode.c.h; path = NYStyleCheesePizza.h; sourceTree = "<group>"; };
		245413CE277AACD000DFC18E /* NYStyleCheesePizza.m */ = {isa = PBXFileReference; lastKnownFileType = sourcecode.c.objc; path = NYStyleCheesePizza.m; sourceTree = "<group>"; };
		245413D1277AAD4A00DFC18E /* ChicagoStleCheesePizza.h */ = {isa = PBXFileReference; lastKnownFileType = sourcecode.c.h; path = ChicagoStleCheesePizza.h; sourceTree = "<group>"; };
		245413D2277AAD4A00DFC18E /* ChicagoStleCheesePizza.m */ = {isa = PBXFileReference; lastKnownFileType = sourcecode.c.objc; path = ChicagoStleCheesePizza.m; sourceTree = "<group>"; };
		245413D5277AAECA00DFC18E /* PizzaStore.h */ = {isa = PBXFileReference; lastKnownFileType = sourcecode.c.h; path = PizzaStore.h; sourceTree = "<group>"; };
		245413D6277AAECA00DFC18E /* PizzaStore.m */ = {isa = PBXFileReference; lastKnownFileType = sourcecode.c.objc; path = PizzaStore.m; sourceTree = "<group>"; };
		245413D9277AAF9500DFC18E /* NYPizzaStore.h */ = {isa = PBXFileReference; lastKnownFileType = sourcecode.c.h; path = NYPizzaStore.h; sourceTree = "<group>"; };
		245413DA277AAF9500DFC18E /* NYPizzaStore.m */ = {isa = PBXFileReference; lastKnownFileType = sourcecode.c.objc; path = NYPizzaStore.m; sourceTree = "<group>"; };
		245413DE277AB02900DFC18E /* TestFactory.m */ = {isa = PBXFileReference; lastKnownFileType = sourcecode.c.objc; path = TestFactory.m; sourceTree = "<group>"; };
		245413E2277AB0F200DFC18E /* ChicagoPizzaStore.h */ = {isa = PBXFileReference; lastKnownFileType = sourcecode.c.h; path = ChicagoPizzaStore.h; sourceTree = "<group>"; };
		245413E3277AB0F200DFC18E /* ChicagoPizzaStore.m */ = {isa = PBXFileReference; lastKnownFileType = sourcecode.c.objc; path = ChicagoPizzaStore.m; sourceTree = "<group>"; };
		245413E8277AE58F00DFC18E /* PizzaIngredientFactory.h */ = {isa = PBXFileReference; lastKnownFileType = sourcecode.c.h; path = PizzaIngredientFactory.h; sourceTree = "<group>"; };
		245413E9277AE5F900DFC18E /* Dough.h */ = {isa = PBXFileReference; lastKnownFileType = sourcecode.c.h; path = Dough.h; sourceTree = "<group>"; };
		245413EA277AE60200DFC18E /* Sauce.h */ = {isa = PBXFileReference; lastKnownFileType = sourcecode.c.h; path = Sauce.h; sourceTree = "<group>"; };
		245413EB277AE65D00DFC18E /* ThinCrustDough.h */ = {isa = PBXFileReference; lastKnownFileType = sourcecode.c.h; path = ThinCrustDough.h; sourceTree = "<group>"; };
		245413EC277AE65D00DFC18E /* ThinCrustDough.m */ = {isa = PBXFileReference; lastKnownFileType = sourcecode.c.objc; path = ThinCrustDough.m; sourceTree = "<group>"; };
		245413EF277AE6D100DFC18E /* MarinaraSouce.h */ = {isa = PBXFileReference; lastKnownFileType = sourcecode.c.h; path = MarinaraSouce.h; sourceTree = "<group>"; };
		245413F0277AE6D100DFC18E /* MarinaraSouce.m */ = {isa = PBXFileReference; lastKnownFileType = sourcecode.c.objc; path = MarinaraSouce.m; sourceTree = "<group>"; };
		245413F3277AE9BA00DFC18E /* CheesePizzaC.h */ = {isa = PBXFileReference; lastKnownFileType = sourcecode.c.h; path = CheesePizzaC.h; sourceTree = "<group>"; };
		245413F4277AE9BA00DFC18E /* CheesePizzaC.m */ = {isa = PBXFileReference; lastKnownFileType = sourcecode.c.objc; path = CheesePizzaC.m; sourceTree = "<group>"; };
		245413F7277AEE3400DFC18E /* CHPizzaStore.h */ = {isa = PBXFileReference; lastKnownFileType = sourcecode.c.h; path = CHPizzaStore.h; sourceTree = "<group>"; };
		245413F8277AEE3400DFC18E /* CHPizzaStore.m */ = {isa = PBXFileReference; lastKnownFileType = sourcecode.c.objc; path = CHPizzaStore.m; sourceTree = "<group>"; };
		245413FB277AEE8600DFC18E /* ChPizzaIngredientFactory.h */ = {isa = PBXFileReference; lastKnownFileType = sourcecode.c.h; path = ChPizzaIngredientFactory.h; sourceTree = "<group>"; };
		245413FC277AEE8600DFC18E /* ChPizzaIngredientFactory.m */ = {isa = PBXFileReference; lastKnownFileType = sourcecode.c.objc; path = ChPizzaIngredientFactory.m; sourceTree = "<group>"; };
		24541400277AEF9B00DFC18E /* TestFactoryChou.m */ = {isa = PBXFileReference; lastKnownFileType = sourcecode.c.objc; path = TestFactoryChou.m; sourceTree = "<group>"; };
		24840B982779D17A00B97C83 /* designpattern */ = {isa = PBXFileReference; explicitFileType = "compiled.mach-o.executable"; includeInIndex = 0; path = designpattern; sourceTree = BUILT_PRODUCTS_DIR; };
		24840B9B2779D17A00B97C83 /* main.m */ = {isa = PBXFileReference; lastKnownFileType = sourcecode.c.objc; path = main.m; sourceTree = "<group>"; };
		24840BE52779D32F00B97C83 /* Quack.m */ = {isa = PBXFileReference; fileEncoding = 4; lastKnownFileType = sourcecode.c.objc; path = Quack.m; sourceTree = "<group>"; };
		24840BE62779D32F00B97C83 /* MiniDuck.h */ = {isa = PBXFileReference; fileEncoding = 4; lastKnownFileType = sourcecode.c.h; path = MiniDuck.h; sourceTree = "<group>"; };
		24840BE72779D32F00B97C83 /* FlyNoWay.m */ = {isa = PBXFileReference; fileEncoding = 4; lastKnownFileType = sourcecode.c.objc; path = FlyNoWay.m; sourceTree = "<group>"; };
		24840BE82779D32F00B97C83 /* Duck.h */ = {isa = PBXFileReference; fileEncoding = 4; lastKnownFileType = sourcecode.c.h; path = Duck.h; sourceTree = "<group>"; };
		24840BE92779D32F00B97C83 /* FlyyWithWings.m */ = {isa = PBXFileReference; fileEncoding = 4; lastKnownFileType = sourcecode.c.objc; path = FlyyWithWings.m; sourceTree = "<group>"; };
		24840BEA2779D32F00B97C83 /* FlyBehavior.h */ = {isa = PBXFileReference; fileEncoding = 4; lastKnownFileType = sourcecode.c.h; path = FlyBehavior.h; sourceTree = "<group>"; };
		24840BEB2779D32F00B97C83 /* MuteQuack.m */ = {isa = PBXFileReference; fileEncoding = 4; lastKnownFileType = sourcecode.c.objc; path = MuteQuack.m; sourceTree = "<group>"; };
		24840BEC2779D32F00B97C83 /* Squeak.m */ = {isa = PBXFileReference; fileEncoding = 4; lastKnownFileType = sourcecode.c.objc; path = Squeak.m; sourceTree = "<group>"; };
		24840BED2779D32F00B97C83 /* ModelDuck.h */ = {isa = PBXFileReference; fileEncoding = 4; lastKnownFileType = sourcecode.c.h; path = ModelDuck.h; sourceTree = "<group>"; };
		24840BEE2779D32F00B97C83 /* MiniDuck.m */ = {isa = PBXFileReference; fileEncoding = 4; lastKnownFileType = sourcecode.c.objc; path = MiniDuck.m; sourceTree = "<group>"; };
		24840BEF2779D32F00B97C83 /* Quack.h */ = {isa = PBXFileReference; fileEncoding = 4; lastKnownFileType = sourcecode.c.h; path = Quack.h; sourceTree = "<group>"; };
		24840BF02779D32F00B97C83 /* Duck.m */ = {isa = PBXFileReference; fileEncoding = 4; lastKnownFileType = sourcecode.c.objc; path = Duck.m; sourceTree = "<group>"; };
		24840BF12779D32F00B97C83 /* QuackBehavior.h */ = {isa = PBXFileReference; fileEncoding = 4; lastKnownFileType = sourcecode.c.h; path = QuackBehavior.h; sourceTree = "<group>"; };
		24840BF22779D32F00B97C83 /* FlyNoWay.h */ = {isa = PBXFileReference; fileEncoding = 4; lastKnownFileType = sourcecode.c.h; path = FlyNoWay.h; sourceTree = "<group>"; };
		24840BF32779D32F00B97C83 /* MuteQuack.h */ = {isa = PBXFileReference; fileEncoding = 4; lastKnownFileType = sourcecode.c.h; path = MuteQuack.h; sourceTree = "<group>"; };
		24840BF42779D32F00B97C83 /* FlyyWithWings.h */ = {isa = PBXFileReference; fileEncoding = 4; lastKnownFileType = sourcecode.c.h; path = FlyyWithWings.h; sourceTree = "<group>"; };
		24840BF52779D32F00B97C83 /* ModelDuck.m */ = {isa = PBXFileReference; fileEncoding = 4; lastKnownFileType = sourcecode.c.objc; path = ModelDuck.m; sourceTree = "<group>"; };
		24840BF62779D32F00B97C83 /* Squeak.h */ = {isa = PBXFileReference; fileEncoding = 4; lastKnownFileType = sourcecode.c.h; path = Squeak.h; sourceTree = "<group>"; };
		24840BF72779D32F00B97C83 /* README.md */ = {isa = PBXFileReference; fileEncoding = 4; lastKnownFileType = net.daringfireball.markdown; path = README.md; sourceTree = "<group>"; };
		24840C012779D33900B97C83 /* README.md */ = {isa = PBXFileReference; fileEncoding = 4; lastKnownFileType = net.daringfireball.markdown; path = README.md; sourceTree = "<group>"; };
		24840C032779D33900B97C83 /* WeatherData.m */ = {isa = PBXFileReference; fileEncoding = 4; lastKnownFileType = sourcecode.c.objc; path = WeatherData.m; sourceTree = "<group>"; };
		24840C042779D33900B97C83 /* Observerable.m */ = {isa = PBXFileReference; fileEncoding = 4; lastKnownFileType = sourcecode.c.objc; path = Observerable.m; sourceTree = "<group>"; };
		24840C052779D33900B97C83 /* Observer.h */ = {isa = PBXFileReference; fileEncoding = 4; lastKnownFileType = sourcecode.c.h; path = Observer.h; sourceTree = "<group>"; };
		24840C062779D33900B97C83 /* WeatherDataNew.h */ = {isa = PBXFileReference; fileEncoding = 4; lastKnownFileType = sourcecode.c.h; path = WeatherDataNew.h; sourceTree = "<group>"; };
		24840C072779D33900B97C83 /* DisplayElement.h */ = {isa = PBXFileReference; fileEncoding = 4; lastKnownFileType = sourcecode.c.h; path = DisplayElement.h; sourceTree = "<group>"; };
		24840C082779D33900B97C83 /* CurrentConditionsDisplay.h */ = {isa = PBXFileReference; fileEncoding = 4; lastKnownFileType = sourcecode.c.h; path = CurrentConditionsDisplay.h; sourceTree = "<group>"; };
		24840C092779D33900B97C83 /* CurrentConditionsDisplayNew.h */ = {isa = PBXFileReference; fileEncoding = 4; lastKnownFileType = sourcecode.c.h; path = CurrentConditionsDisplayNew.h; sourceTree = "<group>"; };
		24840C0A2779D33900B97C83 /* Observerable.h */ = {isa = PBXFileReference; fileEncoding = 4; lastKnownFileType = sourcecode.c.h; path = Observerable.h; sourceTree = "<group>"; };
		24840C0B2779D33900B97C83 /* WeatherData.h */ = {isa = PBXFileReference; fileEncoding = 4; lastKnownFileType = sourcecode.c.h; path = WeatherData.h; sourceTree = "<group>"; };
		24840C0C2779D33900B97C83 /* CurrentConditionsDisplayNew.m */ = {isa = PBXFileReference; fileEncoding = 4; lastKnownFileType = sourcecode.c.objc; path = CurrentConditionsDisplayNew.m; sourceTree = "<group>"; };
		24840C0D2779D33900B97C83 /* CurrentConditionsDisplay.m */ = {isa = PBXFileReference; fileEncoding = 4; lastKnownFileType = sourcecode.c.objc; path = CurrentConditionsDisplay.m; sourceTree = "<group>"; };
		24840C0E2779D33900B97C83 /* WeatherDataNew.m */ = {isa = PBXFileReference; fileEncoding = 4; lastKnownFileType = sourcecode.c.objc; path = WeatherDataNew.m; sourceTree = "<group>"; };
		24840C0F2779D33900B97C83 /* Subject.h */ = {isa = PBXFileReference; fileEncoding = 4; lastKnownFileType = sourcecode.c.h; path = Subject.h; sourceTree = "<group>"; };
		24840C172779D43100B97C83 /* testcelue.m */ = {isa = PBXFileReference; lastKnownFileType = sourcecode.c.objc; path = testcelue.m; sourceTree = "<group>"; };
		24840C1B2779D4F600B97C83 /* testObservable.m */ = {isa = PBXFileReference; lastKnownFileType = sourcecode.c.objc; path = testObservable.m; sourceTree = "<group>"; };
		24BD50892779D89E000197BF /* testZhuangshi.m */ = {isa = PBXFileReference; lastKnownFileType = sourcecode.c.objc; path = testZhuangshi.m; sourceTree = "<group>"; };
		24BD50932779D8E0000197BF /* README.md */ = {isa = PBXFileReference; fileEncoding = 4; lastKnownFileType = net.daringfireball.markdown; path = README.md; sourceTree = "<group>"; };
		24BD50942779D8EA000197BF /* README.md */ = {isa = PBXFileReference; fileEncoding = 4; lastKnownFileType = net.daringfireball.markdown; name = README.md; path = ../README.md; sourceTree = "<group>"; };
		24BD50982779DF0C000197BF /* Beverage.h */ = {isa = PBXFileReference; lastKnownFileType = sourcecode.c.h; path = Beverage.h; sourceTree = "<group>"; };
		24BD50992779DF0C000197BF /* Beverage.m */ = {isa = PBXFileReference; lastKnownFileType = sourcecode.c.objc; path = Beverage.m; sourceTree = "<group>"; };
		24BD509D2779DF6F000197BF /* CondimentDecorator.h */ = {isa = PBXFileReference; lastKnownFileType = sourcecode.c.h; path = CondimentDecorator.h; sourceTree = "<group>"; };
		24BD509E2779DF6F000197BF /* CondimentDecorator.m */ = {isa = PBXFileReference; lastKnownFileType = sourcecode.c.objc; path = CondimentDecorator.m; sourceTree = "<group>"; };
		24BD50A32779DF9E000197BF /* Espresso.h */ = {isa = PBXFileReference; lastKnownFileType = sourcecode.c.h; path = Espresso.h; sourceTree = "<group>"; };
		24BD50A42779DF9E000197BF /* Espresso.m */ = {isa = PBXFileReference; lastKnownFileType = sourcecode.c.objc; path = Espresso.m; sourceTree = "<group>"; };
		24BD50A72779E00B000197BF /* HouseBlend.h */ = {isa = PBXFileReference; lastKnownFileType = sourcecode.c.h; path = HouseBlend.h; sourceTree = "<group>"; };
		24BD50A82779E00B000197BF /* HouseBlend.m */ = {isa = PBXFileReference; lastKnownFileType = sourcecode.c.objc; path = HouseBlend.m; sourceTree = "<group>"; };
		24BD50AB2779E078000197BF /* Mocha.h */ = {isa = PBXFileReference; lastKnownFileType = sourcecode.c.h; path = Mocha.h; sourceTree = "<group>"; };
		24BD50AC2779E078000197BF /* Mocha.m */ = {isa = PBXFileReference; lastKnownFileType = sourcecode.c.objc; path = Mocha.m; sourceTree = "<group>"; };
/* End PBXFileReference section */

/* Begin PBXFrameworksBuildPhase section */
		24840B952779D17A00B97C83 /* Frameworks */ = {
			isa = PBXFrameworksBuildPhase;
			buildActionMask = 2147483647;
			files = (
			);
			runOnlyForDeploymentPostprocessing = 0;
		};
/* End PBXFrameworksBuildPhase section */

/* Begin PBXGroup section */
		245413AD277AA30300DFC18E /* 工厂模式 */ = {
			isa = PBXGroup;
			children = (
				245413AE277AA33100DFC18E /* README.md */,
				245413B0277AA4F700DFC18E /* Pizza */,
			);
			path = "工厂模式";
			sourceTree = "<group>";
		};
		245413AF277AA4E600DFC18E /* 简单工厂模式 */ = {
			isa = PBXGroup;
			children = (
				245413B1277AA52000DFC18E /* SimplePizzaFactory.h */,
				245413B2277AA52000DFC18E /* SimplePizzaFactory.m */,
				245413C8277AA68800DFC18E /* SimplePizzaStore.h */,
				245413C9277AA68800DFC18E /* SimplePizzaStore.m */,
			);
			path = "简单工厂模式";
			sourceTree = "<group>";
		};
		245413B0277AA4F700DFC18E /* Pizza */ = {
			isa = PBXGroup;
			children = (
				245413E7277AE55E00DFC18E /* 抽象工厂 */,
				245413CC277AAB2600DFC18E /* 工厂模式 */,
				245413B6277AA54800DFC18E /* Pizza.h */,
				245413B7277AA54800DFC18E /* Pizza.m */,
				245413BA277AA5BC00DFC18E /* CheesePizza.h */,
				245413BB277AA5BC00DFC18E /* CheesePizza.m */,
				245413BE277AA5CF00DFC18E /* PepperoniPizza.h */,
				245413BF277AA5CF00DFC18E /* PepperoniPizza.m */,
				245413AF277AA4E600DFC18E /* 简单工厂模式 */,
			);
			path = Pizza;
			sourceTree = "<group>";
		};
		245413CC277AAB2600DFC18E /* 工厂模式 */ = {
			isa = PBXGroup;
			children = (
				245413CD277AACD000DFC18E /* NYStyleCheesePizza.h */,
				245413CE277AACD000DFC18E /* NYStyleCheesePizza.m */,
				245413D1277AAD4A00DFC18E /* ChicagoStleCheesePizza.h */,
				245413D2277AAD4A00DFC18E /* ChicagoStleCheesePizza.m */,
				245413D5277AAECA00DFC18E /* PizzaStore.h */,
				245413D6277AAECA00DFC18E /* PizzaStore.m */,
				245413D9277AAF9500DFC18E /* NYPizzaStore.h */,
				245413DA277AAF9500DFC18E /* NYPizzaStore.m */,
				245413E2277AB0F200DFC18E /* ChicagoPizzaStore.h */,
				245413E3277AB0F200DFC18E /* ChicagoPizzaStore.m */,
				245413DE277AB02900DFC18E /* TestFactory.m */,
			);
			path = "工厂模式";
			sourceTree = "<group>";
		};
		245413E7277AE55E00DFC18E /* 抽象工厂 */ = {
			isa = PBXGroup;
			children = (
				245413E8277AE58F00DFC18E /* PizzaIngredientFactory.h */,
				245413E9277AE5F900DFC18E /* Dough.h */,
				245413EA277AE60200DFC18E /* Sauce.h */,
				245413EB277AE65D00DFC18E /* ThinCrustDough.h */,
				245413EC277AE65D00DFC18E /* ThinCrustDough.m */,
				245413EF277AE6D100DFC18E /* MarinaraSouce.h */,
				245413F0277AE6D100DFC18E /* MarinaraSouce.m */,
				245413F3277AE9BA00DFC18E /* CheesePizzaC.h */,
				245413F4277AE9BA00DFC18E /* CheesePizzaC.m */,
				245413F7277AEE3400DFC18E /* CHPizzaStore.h */,
				245413F8277AEE3400DFC18E /* CHPizzaStore.m */,
				245413FB277AEE8600DFC18E /* ChPizzaIngredientFactory.h */,
				245413FC277AEE8600DFC18E /* ChPizzaIngredientFactory.m */,
				24541400277AEF9B00DFC18E /* TestFactoryChou.m */,
			);
			path = "抽象工厂";
			sourceTree = "<group>";
		};
		24840B8F2779D17A00B97C83 = {
			isa = PBXGroup;
			children = (
				24BD50942779D8EA000197BF /* README.md */,
				245413AD277AA30300DFC18E /* 工厂模式 */,
				24BD50872779D892000197BF /* 装饰模式 */,
				24840BA42779D22300B97C83 /* 策略模式 */,
				24840BA32779D1B400B97C83 /* 观察者模式 */,
				24840B9A2779D17A00B97C83 /* designpattern */,
				24840B992779D17A00B97C83 /* Products */,
			);
			sourceTree = "<group>";
		};
		24840B992779D17A00B97C83 /* Products */ = {
			isa = PBXGroup;
			children = (
				24840B982779D17A00B97C83 /* designpattern */,
			);
			name = Products;
			sourceTree = "<group>";
		};
		24840B9A2779D17A00B97C83 /* designpattern */ = {
			isa = PBXGroup;
			children = (
				24840B9B2779D17A00B97C83 /* main.m */,
			);
			path = designpattern;
			sourceTree = "<group>";
		};
		24840BA32779D1B400B97C83 /* 观察者模式 */ = {
			isa = PBXGroup;
			children = (
				24840C012779D33900B97C83 /* README.md */,
				24840C022779D33900B97C83 /* 气象站 */,
				24840C1B2779D4F600B97C83 /* testObservable.m */,
			);
			path = "观察者模式";
			sourceTree = "<group>";
		};
		24840BA42779D22300B97C83 /* 策略模式 */ = {
			isa = PBXGroup;
			children = (
				24840BE42779D32F00B97C83 /* duck */,
				24840BF72779D32F00B97C83 /* README.md */,
				24840C172779D43100B97C83 /* testcelue.m */,
			);
			path = "策略模式";
			sourceTree = "<group>";
		};
		24840BE42779D32F00B97C83 /* duck */ = {
			isa = PBXGroup;
			children = (
				24840BE52779D32F00B97C83 /* Quack.m */,
				24840BE62779D32F00B97C83 /* MiniDuck.h */,
				24840BE72779D32F00B97C83 /* FlyNoWay.m */,
				24840BE82779D32F00B97C83 /* Duck.h */,
				24840BE92779D32F00B97C83 /* FlyyWithWings.m */,
				24840BEA2779D32F00B97C83 /* FlyBehavior.h */,
				24840BEB2779D32F00B97C83 /* MuteQuack.m */,
				24840BEC2779D32F00B97C83 /* Squeak.m */,
				24840BED2779D32F00B97C83 /* ModelDuck.h */,
				24840BEE2779D32F00B97C83 /* MiniDuck.m */,
				24840BEF2779D32F00B97C83 /* Quack.h */,
				24840BF02779D32F00B97C83 /* Duck.m */,
				24840BF12779D32F00B97C83 /* QuackBehavior.h */,
				24840BF22779D32F00B97C83 /* FlyNoWay.h */,
				24840BF32779D32F00B97C83 /* MuteQuack.h */,
				24840BF42779D32F00B97C83 /* FlyyWithWings.h */,
				24840BF52779D32F00B97C83 /* ModelDuck.m */,
				24840BF62779D32F00B97C83 /* Squeak.h */,
			);
			path = duck;
			sourceTree = "<group>";
		};
		24840C022779D33900B97C83 /* 气象站 */ = {
			isa = PBXGroup;
			children = (
				24840C032779D33900B97C83 /* WeatherData.m */,
				24840C042779D33900B97C83 /* Observerable.m */,
				24840C052779D33900B97C83 /* Observer.h */,
				24840C062779D33900B97C83 /* WeatherDataNew.h */,
				24840C072779D33900B97C83 /* DisplayElement.h */,
				24840C082779D33900B97C83 /* CurrentConditionsDisplay.h */,
				24840C092779D33900B97C83 /* CurrentConditionsDisplayNew.h */,
				24840C0A2779D33900B97C83 /* Observerable.h */,
				24840C0B2779D33900B97C83 /* WeatherData.h */,
				24840C0C2779D33900B97C83 /* CurrentConditionsDisplayNew.m */,
				24840C0D2779D33900B97C83 /* CurrentConditionsDisplay.m */,
				24840C0E2779D33900B97C83 /* WeatherDataNew.m */,
				24840C0F2779D33900B97C83 /* Subject.h */,
			);
			path = "气象站";
			sourceTree = "<group>";
		};
		24BD50872779D892000197BF /* 装饰模式 */ = {
			isa = PBXGroup;
			children = (
				24BD50952779DE0A000197BF /* Beverage */,
				24BD50932779D8E0000197BF /* README.md */,
				24BD50892779D89E000197BF /* testZhuangshi.m */,
			);
			path = "装饰模式";
			sourceTree = "<group>";
		};
		24BD50952779DE0A000197BF /* Beverage */ = {
			isa = PBXGroup;
			children = (
				24BD50A32779DF9E000197BF /* Espresso.h */,
				24BD50A42779DF9E000197BF /* Espresso.m */,
				24BD50A72779E00B000197BF /* HouseBlend.h */,
				24BD50A82779E00B000197BF /* HouseBlend.m */,
				24BD50A12779DF7F000197BF /* Condiment */,
				24BD50982779DF0C000197BF /* Beverage.h */,
				24BD50992779DF0C000197BF /* Beverage.m */,
			);
			path = Beverage;
			sourceTree = "<group>";
		};
		24BD50A12779DF7F000197BF /* Condiment */ = {
			isa = PBXGroup;
			children = (
				24BD509D2779DF6F000197BF /* CondimentDecorator.h */,
				24BD509E2779DF6F000197BF /* CondimentDecorator.m */,
				24BD50AB2779E078000197BF /* Mocha.h */,
				24BD50AC2779E078000197BF /* Mocha.m */,
			);
			path = Condiment;
			sourceTree = "<group>";
		};
/* End PBXGroup section */

/* Begin PBXNativeTarget section */
		24840B972779D17A00B97C83 /* designpattern */ = {
			isa = PBXNativeTarget;
			buildConfigurationList = 24840B9F2779D17A00B97C83 /* Build configuration list for PBXNativeTarget "designpattern" */;
			buildPhases = (
				24840B942779D17A00B97C83 /* Sources */,
				24840B952779D17A00B97C83 /* Frameworks */,
				24840B962779D17A00B97C83 /* CopyFiles */,
			);
			buildRules = (
			);
			dependencies = (
			);
			name = designpattern;
			productName = designpattern;
			productReference = 24840B982779D17A00B97C83 /* designpattern */;
			productType = "com.apple.product-type.tool";
		};
/* End PBXNativeTarget section */

/* Begin PBXProject section */
		24840B902779D17A00B97C83 /* Project object */ = {
			isa = PBXProject;
			attributes = {
				LastUpgradeCheck = 1240;
				ORGANIZATIONNAME = com.open.design;
				TargetAttributes = {
					24840B972779D17A00B97C83 = {
						CreatedOnToolsVersion = 12.4;
					};
				};
			};
			buildConfigurationList = 24840B932779D17A00B97C83 /* Build configuration list for PBXProject "designpattern" */;
			compatibilityVersion = "Xcode 9.3";
			developmentRegion = en;
			hasScannedForEncodings = 0;
			knownRegions = (
				en,
				Base,
			);
			mainGroup = 24840B8F2779D17A00B97C83;
			productRefGroup = 24840B992779D17A00B97C83 /* Products */;
			projectDirPath = "";
			projectRoot = "";
			targets = (
				24840B972779D17A00B97C83 /* designpattern */,
			);
		};
/* End PBXProject section */

/* Begin PBXSourcesBuildPhase section */
		24840B942779D17A00B97C83 /* Sources */ = {
			isa = PBXSourcesBuildPhase;
			buildActionMask = 2147483647;
			files = (
				245413DF277AB02900DFC18E /* TestFactory.m in Sources */,
				245413B8277AA54800DFC18E /* Pizza.m in Sources */,
				245413ED277AE65D00DFC18E /* ThinCrustDough.m in Sources */,
				245413F5277AE9BA00DFC18E /* CheesePizzaC.m in Sources */,
				24840C1C2779D4F600B97C83 /* testObservable.m in Sources */,
				245413CF277AACD000DFC18E /* NYStyleCheesePizza.m in Sources */,
				245413DB277AAF9500DFC18E /* NYPizzaStore.m in Sources */,
				24840C102779D33900B97C83 /* WeatherData.m in Sources */,
				245413CA277AA68800DFC18E /* SimplePizzaStore.m in Sources */,
				24840BFF2779D32F00B97C83 /* ModelDuck.m in Sources */,
				24840BFE2779D32F00B97C83 /* Duck.m in Sources */,
				24BD509A2779DF0C000197BF /* Beverage.m in Sources */,
				24BD50A92779E00B000197BF /* HouseBlend.m in Sources */,
				24840C132779D33900B97C83 /* CurrentConditionsDisplay.m in Sources */,
				245413D3277AAD4A00DFC18E /* ChicagoStleCheesePizza.m in Sources */,
				245413F9277AEE3400DFC18E /* CHPizzaStore.m in Sources */,
				24840BF92779D32F00B97C83 /* FlyNoWay.m in Sources */,
				245413F1277AE6D100DFC18E /* MarinaraSouce.m in Sources */,
				24840BFC2779D32F00B97C83 /* Squeak.m in Sources */,
				24840C122779D33900B97C83 /* CurrentConditionsDisplayNew.m in Sources */,
				24BD509F2779DF6F000197BF /* CondimentDecorator.m in Sources */,
				245413B3277AA52000DFC18E /* SimplePizzaFactory.m in Sources */,
				24840B9C2779D17A00B97C83 /* main.m in Sources */,
				24840C182779D43100B97C83 /* testcelue.m in Sources */,
				24840BFA2779D32F00B97C83 /* FlyyWithWings.m in Sources */,
				24840BF82779D32F00B97C83 /* Quack.m in Sources */,
				245413E4277AB0F200DFC18E /* ChicagoPizzaStore.m in Sources */,
				24840BFD2779D32F00B97C83 /* MiniDuck.m in Sources */,
				24BD50AD2779E078000197BF /* Mocha.m in Sources */,
				24840C142779D33900B97C83 /* WeatherDataNew.m in Sources */,
				24541401277AEF9B00DFC18E /* TestFactoryChou.m in Sources */,
				245413BC277AA5BC00DFC18E /* CheesePizza.m in Sources */,
				24BD508A2779D89E000197BF /* testZhuangshi.m in Sources */,
				24BD50A52779DF9E000197BF /* Espresso.m in Sources */,
				245413FD277AEE8600DFC18E /* ChPizzaIngredientFactory.m in Sources */,
				245413D7277AAECA00DFC18E /* PizzaStore.m in Sources */,
				24840C112779D33900B97C83 /* Observerable.m in Sources */,
				24840BFB2779D32F00B97C83 /* MuteQuack.m in Sources */,
				245413C0277AA5CF00DFC18E /* PepperoniPizza.m in Sources */,
			);
			runOnlyForDeploymentPostprocessing = 0;
		};
/* End PBXSourcesBuildPhase section */

/* Begin XCBuildConfiguration section */
		24840B9D2779D17A00B97C83 /* Debug */ = {
			isa = XCBuildConfiguration;
			buildSettings = {
				ALWAYS_SEARCH_USER_PATHS = NO;
				CLANG_ANALYZER_NONNULL = YES;
				CLANG_ANALYZER_NUMBER_OBJECT_CONVERSION = YES_AGGRESSIVE;
				CLANG_CXX_LANGUAGE_STANDARD = "gnu++14";
				CLANG_CXX_LIBRARY = "libc++";
				CLANG_ENABLE_MODULES = YES;
				CLANG_ENABLE_OBJC_ARC = YES;
				CLANG_ENABLE_OBJC_WEAK = YES;
				CLANG_WARN_BLOCK_CAPTURE_AUTORELEASING = YES;
				CLANG_WARN_BOOL_CONVERSION = YES;
				CLANG_WARN_COMMA = YES;
				CLANG_WARN_CONSTANT_CONVERSION = YES;
				CLANG_WARN_DEPRECATED_OBJC_IMPLEMENTATIONS = YES;
				CLANG_WARN_DIRECT_OBJC_ISA_USAGE = YES_ERROR;
				CLANG_WARN_DOCUMENTATION_COMMENTS = YES;
				CLANG_WARN_EMPTY_BODY = YES;
				CLANG_WARN_ENUM_CONVERSION = YES;
				CLANG_WARN_INFINITE_RECURSION = YES;
				CLANG_WARN_INT_CONVERSION = YES;
				CLANG_WARN_NON_LITERAL_NULL_CONVERSION = YES;
				CLANG_WARN_OBJC_IMPLICIT_RETAIN_SELF = YES;
				CLANG_WARN_OBJC_LITERAL_CONVERSION = YES;
				CLANG_WARN_OBJC_ROOT_CLASS = YES_ERROR;
				CLANG_WARN_QUOTED_INCLUDE_IN_FRAMEWORK_HEADER = YES;
				CLANG_WARN_RANGE_LOOP_ANALYSIS = YES;
				CLANG_WARN_STRICT_PROTOTYPES = YES;
				CLANG_WARN_SUSPICIOUS_MOVE = YES;
				CLANG_WARN_UNGUARDED_AVAILABILITY = YES_AGGRESSIVE;
				CLANG_WARN_UNREACHABLE_CODE = YES;
				CLANG_WARN__DUPLICATE_METHOD_MATCH = YES;
				COPY_PHASE_STRIP = NO;
				DEBUG_INFORMATION_FORMAT = dwarf;
				ENABLE_STRICT_OBJC_MSGSEND = YES;
				ENABLE_TESTABILITY = YES;
				GCC_C_LANGUAGE_STANDARD = gnu11;
				GCC_DYNAMIC_NO_PIC = NO;
				GCC_NO_COMMON_BLOCKS = YES;
				GCC_OPTIMIZATION_LEVEL = 0;
				GCC_PREPROCESSOR_DEFINITIONS = (
					"DEBUG=1",
					"$(inherited)",
				);
				GCC_WARN_64_TO_32_BIT_CONVERSION = YES;
				GCC_WARN_ABOUT_RETURN_TYPE = YES_ERROR;
				GCC_WARN_UNDECLARED_SELECTOR = YES;
				GCC_WARN_UNINITIALIZED_AUTOS = YES_AGGRESSIVE;
				GCC_WARN_UNUSED_FUNCTION = YES;
				GCC_WARN_UNUSED_VARIABLE = YES;
				MACOSX_DEPLOYMENT_TARGET = 10.15;
				MTL_ENABLE_DEBUG_INFO = INCLUDE_SOURCE;
				MTL_FAST_MATH = YES;
				ONLY_ACTIVE_ARCH = YES;
				SDKROOT = macosx;
			};
			name = Debug;
		};
		24840B9E2779D17A00B97C83 /* Release */ = {
			isa = XCBuildConfiguration;
			buildSettings = {
				ALWAYS_SEARCH_USER_PATHS = NO;
				CLANG_ANALYZER_NONNULL = YES;
				CLANG_ANALYZER_NUMBER_OBJECT_CONVERSION = YES_AGGRESSIVE;
				CLANG_CXX_LANGUAGE_STANDARD = "gnu++14";
				CLANG_CXX_LIBRARY = "libc++";
				CLANG_ENABLE_MODULES = YES;
				CLANG_ENABLE_OBJC_ARC = YES;
				CLANG_ENABLE_OBJC_WEAK = YES;
				CLANG_WARN_BLOCK_CAPTURE_AUTORELEASING = YES;
				CLANG_WARN_BOOL_CONVERSION = YES;
				CLANG_WARN_COMMA = YES;
				CLANG_WARN_CONSTANT_CONVERSION = YES;
				CLANG_WARN_DEPRECATED_OBJC_IMPLEMENTATIONS = YES;
				CLANG_WARN_DIRECT_OBJC_ISA_USAGE = YES_ERROR;
				CLANG_WARN_DOCUMENTATION_COMMENTS = YES;
				CLANG_WARN_EMPTY_BODY = YES;
				CLANG_WARN_ENUM_CONVERSION = YES;
				CLANG_WARN_INFINITE_RECURSION = YES;
				CLANG_WARN_INT_CONVERSION = YES;
				CLANG_WARN_NON_LITERAL_NULL_CONVERSION = YES;
				CLANG_WARN_OBJC_IMPLICIT_RETAIN_SELF = YES;
				CLANG_WARN_OBJC_LITERAL_CONVERSION = YES;
				CLANG_WARN_OBJC_ROOT_CLASS = YES_ERROR;
				CLANG_WARN_QUOTED_INCLUDE_IN_FRAMEWORK_HEADER = YES;
				CLANG_WARN_RANGE_LOOP_ANALYSIS = YES;
				CLANG_WARN_STRICT_PROTOTYPES = YES;
				CLANG_WARN_SUSPICIOUS_MOVE = YES;
				CLANG_WARN_UNGUARDED_AVAILABILITY = YES_AGGRESSIVE;
				CLANG_WARN_UNREACHABLE_CODE = YES;
				CLANG_WARN__DUPLICATE_METHOD_MATCH = YES;
				COPY_PHASE_STRIP = NO;
				DEBUG_INFORMATION_FORMAT = "dwarf-with-dsym";
				ENABLE_NS_ASSERTIONS = NO;
				ENABLE_STRICT_OBJC_MSGSEND = YES;
				GCC_C_LANGUAGE_STANDARD = gnu11;
				GCC_NO_COMMON_BLOCKS = YES;
				GCC_WARN_64_TO_32_BIT_CONVERSION = YES;
				GCC_WARN_ABOUT_RETURN_TYPE = YES_ERROR;
				GCC_WARN_UNDECLARED_SELECTOR = YES;
				GCC_WARN_UNINITIALIZED_AUTOS = YES_AGGRESSIVE;
				GCC_WARN_UNUSED_FUNCTION = YES;
				GCC_WARN_UNUSED_VARIABLE = YES;
				MACOSX_DEPLOYMENT_TARGET = 10.15;
				MTL_ENABLE_DEBUG_INFO = NO;
				MTL_FAST_MATH = YES;
				SDKROOT = macosx;
			};
			name = Release;
		};
		24840BA02779D17A00B97C83 /* Debug */ = {
			isa = XCBuildConfiguration;
			buildSettings = {
				CODE_SIGN_STYLE = Automatic;
				PRODUCT_NAME = "$(TARGET_NAME)";
			};
			name = Debug;
		};
		24840BA12779D17A00B97C83 /* Release */ = {
			isa = XCBuildConfiguration;
			buildSettings = {
				CODE_SIGN_STYLE = Automatic;
				PRODUCT_NAME = "$(TARGET_NAME)";
			};
			name = Release;
		};
/* End XCBuildConfiguration section */

/* Begin XCConfigurationList section */
		24840B932779D17A00B97C83 /* Build configuration list for PBXProject "designpattern" */ = {
			isa = XCConfigurationList;
			buildConfigurations = (
				24840B9D2779D17A00B97C83 /* Debug */,
				24840B9E2779D17A00B97C83 /* Release */,
			);
			defaultConfigurationIsVisible = 0;
			defaultConfigurationName = Release;
		};
		24840B9F2779D17A00B97C83 /* Build configuration list for PBXNativeTarget "designpattern" */ = {
			isa = XCConfigurationList;
			buildConfigurations = (
				24840BA02779D17A00B97C83 /* Debug */,
				24840BA12779D17A00B97C83 /* Release */,
			);
			defaultConfigurationIsVisible = 0;
			defaultConfigurationName = Release;
		};
/* End XCConfigurationList section */
	};
	rootObject = 24840B902779D17A00B97C83 /* Project object */;
}
