// !$*UTF8*$!
{
	archiveVersion = 1;
	classes = {
	};
	objectVersion = 50;
	objects = {

/* Begin PBXBuildFile section */
		245413B3277AA52000DFC18E /* SimplePizzaFactory.m in Sources */ = {isa = PBXBuildFile; fileRef = 245413B2277AA52000DFC18E /* SimplePizzaFactory.m */; };
		245413B8277AA54800DFC18E /* Pizza.m in Sources */ = {isa = PBXBuildFile; fileRef = 245413B7277AA54800DFC18E /* Pizza.m */; };
		245413BC277AA5BC00DFC18E /* CheesePizza.m in Sources */ = {isa = PBXBuildFile; fileRef = 245413BB277AA5BC00DFC18E /* CheesePizza.m */; };
		245413C0277AA5CF00DFC18E /* PepperoniPizza.m in Sources */ = {isa = PBXBuildFile; fileRef = 245413BF277AA5CF00DFC18E /* PepperoniPizza.m */; };
		245413CA277AA68800DFC18E /* SimplePizzaStore.m in Sources */ = {isa = PBXBuildFile; fileRef = 245413C9277AA68800DFC18E /* SimplePizzaStore.m */; };
		245413CF277AACD000DFC18E /* NYStyleCheesePizza.m in Sources */ = {isa = PBXBuildFile; fileRef = 245413CE277AACD000DFC18E /* NYStyleCheesePizza.m */; };
		245413D3277AAD4A00DFC18E /* ChicagoStleCheesePizza.m in Sources */ = {isa = PBXBuildFile; fileRef = 245413D2277AAD4A00DFC18E /* ChicagoStleCheesePizza.m */; };
		245413D7277AAECA00DFC18E /* PizzaStore.m in Sources */ = {isa = PBXBuildFile; fileRef = 245413D6277AAECA00DFC18E /* PizzaStore.m */; };
		245413DB277AAF9500DFC18E /* NYPizzaStore.m in Sources */ = {isa = PBXBuildFile; fileRef = 245413DA277AAF9500DFC18E /* NYPizzaStore.m */; };
		245413DF277AB02900DFC18E /* TestFactory.m in Sources */ = {isa = PBXBuildFile; fileRef = 245413DE277AB02900DFC18E /* TestFactory.m */; };
		245413E4277AB0F200DFC18E /* ChicagoPizzaStore.m in Sources */ = {isa = PBXBuildFile; fileRef = 245413E3277AB0F200DFC18E /* ChicagoPizzaStore.m */; };
		245413ED277AE65D00DFC18E /* ThinCrustDough.m in Sources */ = {isa = PBXBuildFile; fileRef = 245413EC277AE65D00DFC18E /* ThinCrustDough.m */; };
		245413F1277AE6D100DFC18E /* MarinaraSouce.m in Sources */ = {isa = PBXBuildFile; fileRef = 245413F0277AE6D100DFC18E /* MarinaraSouce.m */; };
		245413F5277AE9BA00DFC18E /* CheesePizzaC.m in Sources */ = {isa = PBXBuildFile; fileRef = 245413F4277AE9BA00DFC18E /* CheesePizzaC.m */; };
		245413F9277AEE3400DFC18E /* CHPizzaStore.m in Sources */ = {isa = PBXBuildFile; fileRef = 245413F8277AEE3400DFC18E /* CHPizzaStore.m */; };
		245413FD277AEE8600DFC18E /* ChPizzaIngredientFactory.m in Sources */ = {isa = PBXBuildFile; fileRef = 245413FC277AEE8600DFC18E /* ChPizzaIngredientFactory.m */; };
		24541401277AEF9B00DFC18E /* TestFactoryChou.m in Sources */ = {isa = PBXBuildFile; fileRef = 24541400277AEF9B00DFC18E /* TestFactoryChou.m */; };
		2454140D277B0DC800DFC18E /* Light.m in Sources */ = {isa = PBXBuildFile; fileRef = 2454140C277B0DC800DFC18E /* Light.m */; };
		24541411277B0E1400DFC18E /* LightOnCommand.m in Sources */ = {isa = PBXBuildFile; fileRef = 24541410277B0E1400DFC18E /* LightOnCommand.m */; };
		24541415277B0EF400DFC18E /* SimpleRemoteControl.m in Sources */ = {isa = PBXBuildFile; fileRef = 24541414277B0EF400DFC18E /* SimpleRemoteControl.m */; };
		24541419277B22B900DFC18E /* TestRemote.m in Sources */ = {isa = PBXBuildFile; fileRef = 24541418277B22B900DFC18E /* TestRemote.m */; };
		2454141E277B243100DFC18E /* GarageDoor.m in Sources */ = {isa = PBXBuildFile; fileRef = 2454141D277B243100DFC18E /* GarageDoor.m */; };
		24541422277B245F00DFC18E /* GarageDoorOpenCommand.m in Sources */ = {isa = PBXBuildFile; fileRef = 24541421277B245F00DFC18E /* GarageDoorOpenCommand.m */; };
		24541434277B2C6C00DFC18E /* OperationMultiply.m in Sources */ = {isa = PBXBuildFile; fileRef = 2454142D277B2C6B00DFC18E /* OperationMultiply.m */; };
		24541435277B2C6C00DFC18E /* Context.m in Sources */ = {isa = PBXBuildFile; fileRef = 2454142E277B2C6B00DFC18E /* Context.m */; };
		24541436277B2C6C00DFC18E /* OperationAdd.m in Sources */ = {isa = PBXBuildFile; fileRef = 24541431277B2C6C00DFC18E /* OperationAdd.m */; };
		24541437277B2C6C00DFC18E /* OperationSubStract.m in Sources */ = {isa = PBXBuildFile; fileRef = 24541433277B2C6C00DFC18E /* OperationSubStract.m */; };
		24541449277B2F2900DFC18E /* User.m in Sources */ = {isa = PBXBuildFile; fileRef = 24541445277B2F2900DFC18E /* User.m */; };
		2454144A277B2F2900DFC18E /* WeChatServer.m in Sources */ = {isa = PBXBuildFile; fileRef = 24541447277B2F2900DFC18E /* WeChatServer.m */; };
		2454145D277B321700DFC18E /* MilkFoamDecrator.m in Sources */ = {isa = PBXBuildFile; fileRef = 24541452277B321600DFC18E /* MilkFoamDecrator.m */; };
		2454145E277B321700DFC18E /* SugarDecrator.m in Sources */ = {isa = PBXBuildFile; fileRef = 24541455277B321600DFC18E /* SugarDecrator.m */; };
		2454145F277B321700DFC18E /* MilkPriceDecorator.m in Sources */ = {isa = PBXBuildFile; fileRef = 24541459277B321700DFC18E /* MilkPriceDecorator.m */; };
		24541460277B321700DFC18E /* Decorator.m in Sources */ = {isa = PBXBuildFile; fileRef = 2454145A277B321700DFC18E /* Decorator.m */; };
		24541461277B321700DFC18E /* SimpleCoffce.m in Sources */ = {isa = PBXBuildFile; fileRef = 2454145C277B321700DFC18E /* SimpleCoffce.m */; };
		2454146B277B35B000DFC18E /* SongFactory.m in Sources */ = {isa = PBXBuildFile; fileRef = 24541469277B35B000DFC18E /* SongFactory.m */; };
		24541474277B35D300DFC18E /* SongA.m in Sources */ = {isa = PBXBuildFile; fileRef = 2454146E277B35D300DFC18E /* SongA.m */; };
		24541475277B35D300DFC18E /* SongB.m in Sources */ = {isa = PBXBuildFile; fileRef = 24541471277B35D300DFC18E /* SongB.m */; };
		24541476277B35D300DFC18E /* SongC.m in Sources */ = {isa = PBXBuildFile; fileRef = 24541473277B35D300DFC18E /* SongC.m */; };
		2454147A277B35EE00DFC18E /* TestFactoryExample.m in Sources */ = {isa = PBXBuildFile; fileRef = 24541479277B35EE00DFC18E /* TestFactoryExample.m */; };
		24541483277B36A300DFC18E /* SongFactoryA.m in Sources */ = {isa = PBXBuildFile; fileRef = 2454147F277B36A200DFC18E /* SongFactoryA.m */; };
		24541484277B36A300DFC18E /* SongFactoryC.m in Sources */ = {isa = PBXBuildFile; fileRef = 24541482277B36A300DFC18E /* SongFactoryC.m */; };
		24541488277B36A800DFC18E /* SongFactoryB.m in Sources */ = {isa = PBXBuildFile; fileRef = 24541487277B36A800DFC18E /* SongFactoryB.m */; };
		2454149C277B36F800DFC18E /* AudioA.m in Sources */ = {isa = PBXBuildFile; fileRef = 2454148B277B36F700DFC18E /* AudioA.m */; };
		2454149D277B36F800DFC18E /* AudioB.m in Sources */ = {isa = PBXBuildFile; fileRef = 2454148D277B36F700DFC18E /* AudioB.m */; };
		2454149E277B36F800DFC18E /* PersionNeedsB.m in Sources */ = {isa = PBXBuildFile; fileRef = 24541490277B36F700DFC18E /* PersionNeedsB.m */; };
		2454149F277B36F800DFC18E /* MicrophoneB.m in Sources */ = {isa = PBXBuildFile; fileRef = 24541497277B36F800DFC18E /* MicrophoneB.m */; };
		245414A0277B36F800DFC18E /* PersionNeedsC.m in Sources */ = {isa = PBXBuildFile; fileRef = 24541498277B36F800DFC18E /* PersionNeedsC.m */; };
		245414A1277B36F800DFC18E /* MicrophoneA.m in Sources */ = {isa = PBXBuildFile; fileRef = 2454149A277B36F800DFC18E /* MicrophoneA.m */; };
		245414A2277B36F800DFC18E /* PersionNeedsA.m in Sources */ = {isa = PBXBuildFile; fileRef = 2454149B277B36F800DFC18E /* PersionNeedsA.m */; };
		245414BC277C363000DFC18E /* OpenTV.m in Sources */ = {isa = PBXBuildFile; fileRef = 245414B6277C363000DFC18E /* OpenTV.m */; };
		245414BD277C363000DFC18E /* Remote.m in Sources */ = {isa = PBXBuildFile; fileRef = 245414B8277C363000DFC18E /* Remote.m */; };
		245414BE277C363000DFC18E /* CloseTV.m in Sources */ = {isa = PBXBuildFile; fileRef = 245414B9277C363000DFC18E /* CloseTV.m */; };
		245414C4277C368500DFC18E /* TV.m in Sources */ = {isa = PBXBuildFile; fileRef = 245414C2277C368500DFC18E /* TV.m */; };
		245414D5277C3AFB00DFC18E /* APower.m in Sources */ = {isa = PBXBuildFile; fileRef = 245414CC277C3AFB00DFC18E /* APower.m */; };
		245414D6277C3AFB00DFC18E /* CPower.m in Sources */ = {isa = PBXBuildFile; fileRef = 245414CE277C3AFB00DFC18E /* CPower.m */; };
		245414D7277C3AFB00DFC18E /* CObjectPower.m in Sources */ = {isa = PBXBuildFile; fileRef = 245414D4277C3AFB00DFC18E /* CObjectPower.m */; };
		245414DB277C3B3B00DFC18E /* TestPower.m in Sources */ = {isa = PBXBuildFile; fileRef = 245414DA277C3B3B00DFC18E /* TestPower.m */; };
		24840B9C2779D17A00B97C83 /* main.m in Sources */ = {isa = PBXBuildFile; fileRef = 24840B9B2779D17A00B97C83 /* main.m */; };
		24840BF82779D32F00B97C83 /* Quack.m in Sources */ = {isa = PBXBuildFile; fileRef = 24840BE52779D32F00B97C83 /* Quack.m */; };
		24840BF92779D32F00B97C83 /* FlyNoWay.m in Sources */ = {isa = PBXBuildFile; fileRef = 24840BE72779D32F00B97C83 /* FlyNoWay.m */; };
		24840BFA2779D32F00B97C83 /* FlyyWithWings.m in Sources */ = {isa = PBXBuildFile; fileRef = 24840BE92779D32F00B97C83 /* FlyyWithWings.m */; };
		24840BFB2779D32F00B97C83 /* MuteQuack.m in Sources */ = {isa = PBXBuildFile; fileRef = 24840BEB2779D32F00B97C83 /* MuteQuack.m */; };
		24840BFC2779D32F00B97C83 /* Squeak.m in Sources */ = {isa = PBXBuildFile; fileRef = 24840BEC2779D32F00B97C83 /* Squeak.m */; };
		24840BFD2779D32F00B97C83 /* MiniDuck.m in Sources */ = {isa = PBXBuildFile; fileRef = 24840BEE2779D32F00B97C83 /* MiniDuck.m */; };
		24840BFE2779D32F00B97C83 /* Duck.m in Sources */ = {isa = PBXBuildFile; fileRef = 24840BF02779D32F00B97C83 /* Duck.m */; };
		24840BFF2779D32F00B97C83 /* ModelDuck.m in Sources */ = {isa = PBXBuildFile; fileRef = 24840BF52779D32F00B97C83 /* ModelDuck.m */; };
		24840C102779D33900B97C83 /* WeatherData.m in Sources */ = {isa = PBXBuildFile; fileRef = 24840C032779D33900B97C83 /* WeatherData.m */; };
		24840C112779D33900B97C83 /* Observerable.m in Sources */ = {isa = PBXBuildFile; fileRef = 24840C042779D33900B97C83 /* Observerable.m */; };
		24840C122779D33900B97C83 /* CurrentConditionsDisplayNew.m in Sources */ = {isa = PBXBuildFile; fileRef = 24840C0C2779D33900B97C83 /* CurrentConditionsDisplayNew.m */; };
		24840C132779D33900B97C83 /* CurrentConditionsDisplay.m in Sources */ = {isa = PBXBuildFile; fileRef = 24840C0D2779D33900B97C83 /* CurrentConditionsDisplay.m */; };
		24840C142779D33900B97C83 /* WeatherDataNew.m in Sources */ = {isa = PBXBuildFile; fileRef = 24840C0E2779D33900B97C83 /* WeatherDataNew.m */; };
		24840C182779D43100B97C83 /* testcelue.m in Sources */ = {isa = PBXBuildFile; fileRef = 24840C172779D43100B97C83 /* testcelue.m */; };
		24840C1C2779D4F600B97C83 /* testObservable.m in Sources */ = {isa = PBXBuildFile; fileRef = 24840C1B2779D4F600B97C83 /* testObservable.m */; };
		24BD508A2779D89E000197BF /* testZhuangshi.m in Sources */ = {isa = PBXBuildFile; fileRef = 24BD50892779D89E000197BF /* testZhuangshi.m */; };
		24BD509A2779DF0C000197BF /* Beverage.m in Sources */ = {isa = PBXBuildFile; fileRef = 24BD50992779DF0C000197BF /* Beverage.m */; };
		24BD509F2779DF6F000197BF /* CondimentDecorator.m in Sources */ = {isa = PBXBuildFile; fileRef = 24BD509E2779DF6F000197BF /* CondimentDecorator.m */; };
		24BD50A52779DF9E000197BF /* Espresso.m in Sources */ = {isa = PBXBuildFile; fileRef = 24BD50A42779DF9E000197BF /* Espresso.m */; };
		24BD50A92779E00B000197BF /* HouseBlend.m in Sources */ = {isa = PBXBuildFile; fileRef = 24BD50A82779E00B000197BF /* HouseBlend.m */; };
		24BD50AD2779E078000197BF /* Mocha.m in Sources */ = {isa = PBXBuildFile; fileRef = 24BD50AC2779E078000197BF /* Mocha.m */; };
/* End PBXBuildFile section */

/* Begin PBXCopyFilesBuildPhase section */
		24840B962779D17A00B97C83 /* CopyFiles */ = {
			isa = PBXCopyFilesBuildPhase;
			buildActionMask = 2147483647;
			dstPath = /usr/share/man/man1/;
			dstSubfolderSpec = 0;
			files = (
			);
			runOnlyForDeploymentPostprocessing = 1;
		};
/* End PBXCopyFilesBuildPhase section */

/* Begin PBXFileReference section */
		245413AE277AA33100DFC18E /* README.md */ = {isa = PBXFileReference; lastKnownFileType = net.daringfireball.markdown; path = README.md; sourceTree = "<group>"; };
		245413B1277AA52000DFC18E /* SimplePizzaFactory.h */ = {isa = PBXFileReference; lastKnownFileType = sourcecode.c.h; path = SimplePizzaFactory.h; sourceTree = "<group>"; };
		245413B2277AA52000DFC18E /* SimplePizzaFactory.m */ = {isa = PBXFileReference; lastKnownFileType = sourcecode.c.objc; path = SimplePizzaFactory.m; sourceTree = "<group>"; };
		245413B6277AA54800DFC18E /* Pizza.h */ = {isa = PBXFileReference; lastKnownFileType = sourcecode.c.h; path = Pizza.h; sourceTree = "<group>"; };
		245413B7277AA54800DFC18E /* Pizza.m */ = {isa = PBXFileReference; lastKnownFileType = sourcecode.c.objc; path = Pizza.m; sourceTree = "<group>"; };
		245413BA277AA5BC00DFC18E /* CheesePizza.h */ = {isa = PBXFileReference; lastKnownFileType = sourcecode.c.h; path = CheesePizza.h; sourceTree = "<group>"; };
		245413BB277AA5BC00DFC18E /* CheesePizza.m */ = {isa = PBXFileReference; lastKnownFileType = sourcecode.c.objc; path = CheesePizza.m; sourceTree = "<group>"; };
		245413BE277AA5CF00DFC18E /* PepperoniPizza.h */ = {isa = PBXFileReference; lastKnownFileType = sourcecode.c.h; path = PepperoniPizza.h; sourceTree = "<group>"; };
		245413BF277AA5CF00DFC18E /* PepperoniPizza.m */ = {isa = PBXFileReference; lastKnownFileType = sourcecode.c.objc; path = PepperoniPizza.m; sourceTree = "<group>"; };
		245413C8277AA68800DFC18E /* SimplePizzaStore.h */ = {isa = PBXFileReference; lastKnownFileType = sourcecode.c.h; path = SimplePizzaStore.h; sourceTree = "<group>"; };
		245413C9277AA68800DFC18E /* SimplePizzaStore.m */ = {isa = PBXFileReference; lastKnownFileType = sourcecode.c.objc; path = SimplePizzaStore.m; sourceTree = "<group>"; };
		245413CD277AACD000DFC18E /* NYStyleCheesePizza.h */ = {isa = PBXFileReference; lastKnownFileType = sourcecode.c.h; path = NYStyleCheesePizza.h; sourceTree = "<group>"; };
		245413CE277AACD000DFC18E /* NYStyleCheesePizza.m */ = {isa = PBXFileReference; lastKnownFileType = sourcecode.c.objc; path = NYStyleCheesePizza.m; sourceTree = "<group>"; };
		245413D1277AAD4A00DFC18E /* ChicagoStleCheesePizza.h */ = {isa = PBXFileReference; lastKnownFileType = sourcecode.c.h; path = ChicagoStleCheesePizza.h; sourceTree = "<group>"; };
		245413D2277AAD4A00DFC18E /* ChicagoStleCheesePizza.m */ = {isa = PBXFileReference; lastKnownFileType = sourcecode.c.objc; path = ChicagoStleCheesePizza.m; sourceTree = "<group>"; };
		245413D5277AAECA00DFC18E /* PizzaStore.h */ = {isa = PBXFileReference; lastKnownFileType = sourcecode.c.h; path = PizzaStore.h; sourceTree = "<group>"; };
		245413D6277AAECA00DFC18E /* PizzaStore.m */ = {isa = PBXFileReference; lastKnownFileType = sourcecode.c.objc; path = PizzaStore.m; sourceTree = "<group>"; };
		245413D9277AAF9500DFC18E /* NYPizzaStore.h */ = {isa = PBXFileReference; lastKnownFileType = sourcecode.c.h; path = NYPizzaStore.h; sourceTree = "<group>"; };
		245413DA277AAF9500DFC18E /* NYPizzaStore.m */ = {isa = PBXFileReference; lastKnownFileType = sourcecode.c.objc; path = NYPizzaStore.m; sourceTree = "<group>"; };
		245413DE277AB02900DFC18E /* TestFactory.m */ = {isa = PBXFileReference; lastKnownFileType = sourcecode.c.objc; path = TestFactory.m; sourceTree = "<group>"; };
		245413E2277AB0F200DFC18E /* ChicagoPizzaStore.h */ = {isa = PBXFileReference; lastKnownFileType = sourcecode.c.h; path = ChicagoPizzaStore.h; sourceTree = "<group>"; };
		245413E3277AB0F200DFC18E /* ChicagoPizzaStore.m */ = {isa = PBXFileReference; lastKnownFileType = sourcecode.c.objc; path = ChicagoPizzaStore.m; sourceTree = "<group>"; };
		245413E8277AE58F00DFC18E /* PizzaIngredientFactory.h */ = {isa = PBXFileReference; lastKnownFileType = sourcecode.c.h; path = PizzaIngredientFactory.h; sourceTree = "<group>"; };
		245413E9277AE5F900DFC18E /* Dough.h */ = {isa = PBXFileReference; lastKnownFileType = sourcecode.c.h; path = Dough.h; sourceTree = "<group>"; };
		245413EA277AE60200DFC18E /* Sauce.h */ = {isa = PBXFileReference; lastKnownFileType = sourcecode.c.h; path = Sauce.h; sourceTree = "<group>"; };
		245413EB277AE65D00DFC18E /* ThinCrustDough.h */ = {isa = PBXFileReference; lastKnownFileType = sourcecode.c.h; path = ThinCrustDough.h; sourceTree = "<group>"; };
		245413EC277AE65D00DFC18E /* ThinCrustDough.m */ = {isa = PBXFileReference; lastKnownFileType = sourcecode.c.objc; path = ThinCrustDough.m; sourceTree = "<group>"; };
		245413EF277AE6D100DFC18E /* MarinaraSouce.h */ = {isa = PBXFileReference; lastKnownFileType = sourcecode.c.h; path = MarinaraSouce.h; sourceTree = "<group>"; };
		245413F0277AE6D100DFC18E /* MarinaraSouce.m */ = {isa = PBXFileReference; lastKnownFileType = sourcecode.c.objc; path = MarinaraSouce.m; sourceTree = "<group>"; };
		245413F3277AE9BA00DFC18E /* CheesePizzaC.h */ = {isa = PBXFileReference; lastKnownFileType = sourcecode.c.h; path = CheesePizzaC.h; sourceTree = "<group>"; };
		245413F4277AE9BA00DFC18E /* CheesePizzaC.m */ = {isa = PBXFileReference; lastKnownFileType = sourcecode.c.objc; path = CheesePizzaC.m; sourceTree = "<group>"; };
		245413F7277AEE3400DFC18E /* CHPizzaStore.h */ = {isa = PBXFileReference; lastKnownFileType = sourcecode.c.h; path = CHPizzaStore.h; sourceTree = "<group>"; };
		245413F8277AEE3400DFC18E /* CHPizzaStore.m */ = {isa = PBXFileReference; lastKnownFileType = sourcecode.c.objc; path = CHPizzaStore.m; sourceTree = "<group>"; };
		245413FB277AEE8600DFC18E /* ChPizzaIngredientFactory.h */ = {isa = PBXFileReference; lastKnownFileType = sourcecode.c.h; path = ChPizzaIngredientFactory.h; sourceTree = "<group>"; };
		245413FC277AEE8600DFC18E /* ChPizzaIngredientFactory.m */ = {isa = PBXFileReference; lastKnownFileType = sourcecode.c.objc; path = ChPizzaIngredientFactory.m; sourceTree = "<group>"; };
		24541400277AEF9B00DFC18E /* TestFactoryChou.m */ = {isa = PBXFileReference; lastKnownFileType = sourcecode.c.objc; path = TestFactoryChou.m; sourceTree = "<group>"; };
		24541406277B07C300DFC18E /* README.md */ = {isa = PBXFileReference; lastKnownFileType = net.daringfireball.markdown; path = README.md; sourceTree = "<group>"; };
		24541408277B09E600DFC18E /* README.md */ = {isa = PBXFileReference; lastKnownFileType = net.daringfireball.markdown; path = README.md; sourceTree = "<group>"; };
		2454140A277B0DA400DFC18E /* Command.h */ = {isa = PBXFileReference; lastKnownFileType = sourcecode.c.h; path = Command.h; sourceTree = "<group>"; };
		2454140B277B0DC800DFC18E /* Light.h */ = {isa = PBXFileReference; lastKnownFileType = sourcecode.c.h; path = Light.h; sourceTree = "<group>"; };
		2454140C277B0DC800DFC18E /* Light.m */ = {isa = PBXFileReference; lastKnownFileType = sourcecode.c.objc; path = Light.m; sourceTree = "<group>"; };
		2454140F277B0E1400DFC18E /* LightOnCommand.h */ = {isa = PBXFileReference; lastKnownFileType = sourcecode.c.h; path = LightOnCommand.h; sourceTree = "<group>"; };
		24541410277B0E1400DFC18E /* LightOnCommand.m */ = {isa = PBXFileReference; lastKnownFileType = sourcecode.c.objc; path = LightOnCommand.m; sourceTree = "<group>"; };
		24541413277B0EF400DFC18E /* SimpleRemoteControl.h */ = {isa = PBXFileReference; lastKnownFileType = sourcecode.c.h; path = SimpleRemoteControl.h; sourceTree = "<group>"; };
		24541414277B0EF400DFC18E /* SimpleRemoteControl.m */ = {isa = PBXFileReference; lastKnownFileType = sourcecode.c.objc; path = SimpleRemoteControl.m; sourceTree = "<group>"; };
		24541418277B22B900DFC18E /* TestRemote.m */ = {isa = PBXFileReference; lastKnownFileType = sourcecode.c.objc; path = TestRemote.m; sourceTree = "<group>"; };
		2454141C277B243100DFC18E /* GarageDoor.h */ = {isa = PBXFileReference; lastKnownFileType = sourcecode.c.h; path = GarageDoor.h; sourceTree = "<group>"; };
		2454141D277B243100DFC18E /* GarageDoor.m */ = {isa = PBXFileReference; lastKnownFileType = sourcecode.c.objc; path = GarageDoor.m; sourceTree = "<group>"; };
		24541420277B245F00DFC18E /* GarageDoorOpenCommand.h */ = {isa = PBXFileReference; lastKnownFileType = sourcecode.c.h; path = GarageDoorOpenCommand.h; sourceTree = "<group>"; };
		24541421277B245F00DFC18E /* GarageDoorOpenCommand.m */ = {isa = PBXFileReference; lastKnownFileType = sourcecode.c.objc; path = GarageDoorOpenCommand.m; sourceTree = "<group>"; };
		24541426277B2AF600DFC18E /* README.md */ = {isa = PBXFileReference; lastKnownFileType = net.daringfireball.markdown; path = README.md; sourceTree = "<group>"; };
		2454142B277B2C6B00DFC18E /* OperationMultiply.h */ = {isa = PBXFileReference; fileEncoding = 4; lastKnownFileType = sourcecode.c.h; path = OperationMultiply.h; sourceTree = "<group>"; };
		2454142C277B2C6B00DFC18E /* Context.h */ = {isa = PBXFileReference; fileEncoding = 4; lastKnownFileType = sourcecode.c.h; path = Context.h; sourceTree = "<group>"; };
		2454142D277B2C6B00DFC18E /* OperationMultiply.m */ = {isa = PBXFileReference; fileEncoding = 4; lastKnownFileType = sourcecode.c.objc; path = OperationMultiply.m; sourceTree = "<group>"; };
		2454142E277B2C6B00DFC18E /* Context.m */ = {isa = PBXFileReference; fileEncoding = 4; lastKnownFileType = sourcecode.c.objc; path = Context.m; sourceTree = "<group>"; };
		2454142F277B2C6C00DFC18E /* OperationSubStract.h */ = {isa = PBXFileReference; fileEncoding = 4; lastKnownFileType = sourcecode.c.h; path = OperationSubStract.h; sourceTree = "<group>"; };
		24541430277B2C6C00DFC18E /* Strategy.h */ = {isa = PBXFileReference; fileEncoding = 4; lastKnownFileType = sourcecode.c.h; path = Strategy.h; sourceTree = "<group>"; };
		24541431277B2C6C00DFC18E /* OperationAdd.m */ = {isa = PBXFileReference; fileEncoding = 4; lastKnownFileType = sourcecode.c.objc; path = OperationAdd.m; sourceTree = "<group>"; };
		24541432277B2C6C00DFC18E /* OperationAdd.h */ = {isa = PBXFileReference; fileEncoding = 4; lastKnownFileType = sourcecode.c.h; path = OperationAdd.h; sourceTree = "<group>"; };
		24541433277B2C6C00DFC18E /* OperationSubStract.m */ = {isa = PBXFileReference; fileEncoding = 4; lastKnownFileType = sourcecode.c.objc; path = OperationSubStract.m; sourceTree = "<group>"; };
		2454143E277B2DB500DFC18E /* image1.png */ = {isa = PBXFileReference; lastKnownFileType = image.png; path = image1.png; sourceTree = "<group>"; };
		24541443277B2F2800DFC18E /* User.h */ = {isa = PBXFileReference; fileEncoding = 4; lastKnownFileType = sourcecode.c.h; path = User.h; sourceTree = "<group>"; };
		24541445277B2F2900DFC18E /* User.m */ = {isa = PBXFileReference; fileEncoding = 4; lastKnownFileType = sourcecode.c.objc; path = User.m; sourceTree = "<group>"; };
		24541446277B2F2900DFC18E /* ObserverNew.h */ = {isa = PBXFileReference; fileEncoding = 4; lastKnownFileType = sourcecode.c.h; path = ObserverNew.h; sourceTree = "<group>"; };
		24541447277B2F2900DFC18E /* WeChatServer.m */ = {isa = PBXFileReference; fileEncoding = 4; lastKnownFileType = sourcecode.c.objc; path = WeChatServer.m; sourceTree = "<group>"; };
		24541448277B2F2900DFC18E /* WeChatServer.h */ = {isa = PBXFileReference; fileEncoding = 4; lastKnownFileType = sourcecode.c.h; path = WeChatServer.h; sourceTree = "<group>"; };
		2454144C277B2F7C00DFC18E /* ObserverableNew.h */ = {isa = PBXFileReference; fileEncoding = 4; lastKnownFileType = sourcecode.c.h; path = ObserverableNew.h; sourceTree = "<group>"; };
		24541452277B321600DFC18E /* MilkFoamDecrator.m */ = {isa = PBXFileReference; fileEncoding = 4; lastKnownFileType = sourcecode.c.objc; path = MilkFoamDecrator.m; sourceTree = "<group>"; };
		24541453277B321600DFC18E /* MilkPriceDecorator.h */ = {isa = PBXFileReference; fileEncoding = 4; lastKnownFileType = sourcecode.c.h; path = MilkPriceDecorator.h; sourceTree = "<group>"; };
		24541454277B321600DFC18E /* SugarDecrator.h */ = {isa = PBXFileReference; fileEncoding = 4; lastKnownFileType = sourcecode.c.h; path = SugarDecrator.h; sourceTree = "<group>"; };
		24541455277B321600DFC18E /* SugarDecrator.m */ = {isa = PBXFileReference; fileEncoding = 4; lastKnownFileType = sourcecode.c.objc; path = SugarDecrator.m; sourceTree = "<group>"; };
		24541456277B321700DFC18E /* Decorator.h */ = {isa = PBXFileReference; fileEncoding = 4; lastKnownFileType = sourcecode.c.h; path = Decorator.h; sourceTree = "<group>"; };
		24541457277B321700DFC18E /* Coffce.h */ = {isa = PBXFileReference; fileEncoding = 4; lastKnownFileType = sourcecode.c.h; path = Coffce.h; sourceTree = "<group>"; };
		24541458277B321700DFC18E /* MilkFoamDecrator.h */ = {isa = PBXFileReference; fileEncoding = 4; lastKnownFileType = sourcecode.c.h; path = MilkFoamDecrator.h; sourceTree = "<group>"; };
		24541459277B321700DFC18E /* MilkPriceDecorator.m */ = {isa = PBXFileReference; fileEncoding = 4; lastKnownFileType = sourcecode.c.objc; path = MilkPriceDecorator.m; sourceTree = "<group>"; };
		2454145A277B321700DFC18E /* Decorator.m */ = {isa = PBXFileReference; fileEncoding = 4; lastKnownFileType = sourcecode.c.objc; path = Decorator.m; sourceTree = "<group>"; };
		2454145B277B321700DFC18E /* SimpleCoffce.h */ = {isa = PBXFileReference; fileEncoding = 4; lastKnownFileType = sourcecode.c.h; path = SimpleCoffce.h; sourceTree = "<group>"; };
		2454145C277B321700DFC18E /* SimpleCoffce.m */ = {isa = PBXFileReference; fileEncoding = 4; lastKnownFileType = sourcecode.c.objc; path = SimpleCoffce.m; sourceTree = "<group>"; };
		24541463277B32BC00DFC18E /* 1682758-c4b5970524663587.png */ = {isa = PBXFileReference; lastKnownFileType = image.png; path = "1682758-c4b5970524663587.png"; sourceTree = "<group>"; };
		24541469277B35B000DFC18E /* SongFactory.m */ = {isa = PBXFileReference; fileEncoding = 4; lastKnownFileType = sourcecode.c.objc; path = SongFactory.m; sourceTree = "<group>"; };
		2454146A277B35B000DFC18E /* SongFactory.h */ = {isa = PBXFileReference; fileEncoding = 4; lastKnownFileType = sourcecode.c.h; path = SongFactory.h; sourceTree = "<group>"; };
		2454146D277B35BA00DFC18E /* Song.h */ = {isa = PBXFileReference; lastKnownFileType = sourcecode.c.h; path = Song.h; sourceTree = "<group>"; };
		2454146E277B35D300DFC18E /* SongA.m */ = {isa = PBXFileReference; fileEncoding = 4; lastKnownFileType = sourcecode.c.objc; path = SongA.m; sourceTree = "<group>"; };
		2454146F277B35D300DFC18E /* SongA.h */ = {isa = PBXFileReference; fileEncoding = 4; lastKnownFileType = sourcecode.c.h; path = SongA.h; sourceTree = "<group>"; };
		24541470277B35D300DFC18E /* SongC.h */ = {isa = PBXFileReference; fileEncoding = 4; lastKnownFileType = sourcecode.c.h; path = SongC.h; sourceTree = "<group>"; };
		24541471277B35D300DFC18E /* SongB.m */ = {isa = PBXFileReference; fileEncoding = 4; lastKnownFileType = sourcecode.c.objc; path = SongB.m; sourceTree = "<group>"; };
		24541472277B35D300DFC18E /* SongB.h */ = {isa = PBXFileReference; fileEncoding = 4; lastKnownFileType = sourcecode.c.h; path = SongB.h; sourceTree = "<group>"; };
		24541473277B35D300DFC18E /* SongC.m */ = {isa = PBXFileReference; fileEncoding = 4; lastKnownFileType = sourcecode.c.objc; path = SongC.m; sourceTree = "<group>"; };
		24541479277B35EE00DFC18E /* TestFactoryExample.m */ = {isa = PBXFileReference; lastKnownFileType = sourcecode.c.objc; path = TestFactoryExample.m; sourceTree = "<group>"; };
		2454147E277B369400DFC18E /* MySongFactory.h */ = {isa = PBXFileReference; fileEncoding = 4; lastKnownFileType = sourcecode.c.h; path = MySongFactory.h; sourceTree = "<group>"; };
		2454147F277B36A200DFC18E /* SongFactoryA.m */ = {isa = PBXFileReference; fileEncoding = 4; lastKnownFileType = sourcecode.c.objc; path = SongFactoryA.m; sourceTree = "<group>"; };
		24541480277B36A300DFC18E /* SongFactoryC.h */ = {isa = PBXFileReference; fileEncoding = 4; lastKnownFileType = sourcecode.c.h; path = SongFactoryC.h; sourceTree = "<group>"; };
		24541481277B36A300DFC18E /* SongFactoryA.h */ = {isa = PBXFileReference; fileEncoding = 4; lastKnownFileType = sourcecode.c.h; path = SongFactoryA.h; sourceTree = "<group>"; };
		24541482277B36A300DFC18E /* SongFactoryC.m */ = {isa = PBXFileReference; fileEncoding = 4; lastKnownFileType = sourcecode.c.objc; path = SongFactoryC.m; sourceTree = "<group>"; };
		24541486277B36A800DFC18E /* SongFactoryB.h */ = {isa = PBXFileReference; fileEncoding = 4; lastKnownFileType = sourcecode.c.h; path = SongFactoryB.h; sourceTree = "<group>"; };
		24541487277B36A800DFC18E /* SongFactoryB.m */ = {isa = PBXFileReference; fileEncoding = 4; lastKnownFileType = sourcecode.c.objc; path = SongFactoryB.m; sourceTree = "<group>"; };
		2454148B277B36F700DFC18E /* AudioA.m */ = {isa = PBXFileReference; fileEncoding = 4; lastKnownFileType = sourcecode.c.objc; path = AudioA.m; sourceTree = "<group>"; };
		2454148C277B36F700DFC18E /* Microphone.h */ = {isa = PBXFileReference; fileEncoding = 4; lastKnownFileType = sourcecode.c.h; path = Microphone.h; sourceTree = "<group>"; };
		2454148D277B36F700DFC18E /* AudioB.m */ = {isa = PBXFileReference; fileEncoding = 4; lastKnownFileType = sourcecode.c.objc; path = AudioB.m; sourceTree = "<group>"; };
		2454148E277B36F700DFC18E /* audio.h */ = {isa = PBXFileReference; fileEncoding = 4; lastKnownFileType = sourcecode.c.h; path = audio.h; sourceTree = "<group>"; };
		2454148F277B36F700DFC18E /* MicrophoneB.h */ = {isa = PBXFileReference; fileEncoding = 4; lastKnownFileType = sourcecode.c.h; path = MicrophoneB.h; sourceTree = "<group>"; };
		24541490277B36F700DFC18E /* PersionNeedsB.m */ = {isa = PBXFileReference; fileEncoding = 4; lastKnownFileType = sourcecode.c.objc; path = PersionNeedsB.m; sourceTree = "<group>"; };
		24541491277B36F700DFC18E /* PersionNeedsC.h */ = {isa = PBXFileReference; fileEncoding = 4; lastKnownFileType = sourcecode.c.h; path = PersionNeedsC.h; sourceTree = "<group>"; };
		24541492277B36F700DFC18E /* PersionNeedsA.h */ = {isa = PBXFileReference; fileEncoding = 4; lastKnownFileType = sourcecode.c.h; path = PersionNeedsA.h; sourceTree = "<group>"; };
		24541493277B36F700DFC18E /* MicrophoneA.h */ = {isa = PBXFileReference; fileEncoding = 4; lastKnownFileType = sourcecode.c.h; path = MicrophoneA.h; sourceTree = "<group>"; };
		24541494277B36F800DFC18E /* AudioA.h */ = {isa = PBXFileReference; fileEncoding = 4; lastKnownFileType = sourcecode.c.h; path = AudioA.h; sourceTree = "<group>"; };
		24541495277B36F800DFC18E /* PersionNeedsB.h */ = {isa = PBXFileReference; fileEncoding = 4; lastKnownFileType = sourcecode.c.h; path = PersionNeedsB.h; sourceTree = "<group>"; };
		24541496277B36F800DFC18E /* PersionNeeds.h */ = {isa = PBXFileReference; fileEncoding = 4; lastKnownFileType = sourcecode.c.h; path = PersionNeeds.h; sourceTree = "<group>"; };
		24541497277B36F800DFC18E /* MicrophoneB.m */ = {isa = PBXFileReference; fileEncoding = 4; lastKnownFileType = sourcecode.c.objc; path = MicrophoneB.m; sourceTree = "<group>"; };
		24541498277B36F800DFC18E /* PersionNeedsC.m */ = {isa = PBXFileReference; fileEncoding = 4; lastKnownFileType = sourcecode.c.objc; path = PersionNeedsC.m; sourceTree = "<group>"; };
		24541499277B36F800DFC18E /* AudioB.h */ = {isa = PBXFileReference; fileEncoding = 4; lastKnownFileType = sourcecode.c.h; path = AudioB.h; sourceTree = "<group>"; };
		2454149A277B36F800DFC18E /* MicrophoneA.m */ = {isa = PBXFileReference; fileEncoding = 4; lastKnownFileType = sourcecode.c.objc; path = MicrophoneA.m; sourceTree = "<group>"; };
		2454149B277B36F800DFC18E /* PersionNeedsA.m */ = {isa = PBXFileReference; fileEncoding = 4; lastKnownFileType = sourcecode.c.objc; path = PersionNeedsA.m; sourceTree = "<group>"; };
		245414A4277B378E00DFC18E /* 1682758-a145bc0eb9f2712a.png */ = {isa = PBXFileReference; lastKnownFileType = image.png; path = "1682758-a145bc0eb9f2712a.png"; sourceTree = "<group>"; };
		245414A5277B37B800DFC18E /* 1682758-fa2029ff9851139a.png */ = {isa = PBXFileReference; lastKnownFileType = image.png; path = "1682758-fa2029ff9851139a.png"; sourceTree = "<group>"; };
		245414A6277B380D00DFC18E /* 1682758-c306cda1b2923386.png */ = {isa = PBXFileReference; lastKnownFileType = image.png; path = "1682758-c306cda1b2923386.png"; sourceTree = "<group>"; };
		245414AB277C33CF00DFC18E /* 1682758-0ddfc31c4023645b.png */ = {isa = PBXFileReference; lastKnownFileType = image.png; path = "1682758-0ddfc31c4023645b.png"; sourceTree = "<group>"; };
		245414AC277C33FA00DFC18E /* 1682758-2a2e96ed144ce1cd.png */ = {isa = PBXFileReference; lastKnownFileType = image.png; path = "1682758-2a2e96ed144ce1cd.png"; sourceTree = "<group>"; };
		245414AD277C341C00DFC18E /* 1682758-43bc769e189fa47e.png */ = {isa = PBXFileReference; lastKnownFileType = image.png; path = "1682758-43bc769e189fa47e.png"; sourceTree = "<group>"; };
		245414AE277C343F00DFC18E /* 1682758-eedc619fdfb8b9a1.png */ = {isa = PBXFileReference; lastKnownFileType = image.png; path = "1682758-eedc619fdfb8b9a1.png"; sourceTree = "<group>"; };
		245414AF277C359A00DFC18E /* 1682758-1dbbca9c133ea5db.png */ = {isa = PBXFileReference; lastKnownFileType = image.png; path = "1682758-1dbbca9c133ea5db.png"; sourceTree = "<group>"; };
		245414B0277C35C200DFC18E /* 1682758-7097aa2f79777bc6.png */ = {isa = PBXFileReference; lastKnownFileType = image.png; path = "1682758-7097aa2f79777bc6.png"; sourceTree = "<group>"; };
		245414B5277C363000DFC18E /* Remote.h */ = {isa = PBXFileReference; fileEncoding = 4; lastKnownFileType = sourcecode.c.h; path = Remote.h; sourceTree = "<group>"; };
		245414B6277C363000DFC18E /* OpenTV.m */ = {isa = PBXFileReference; fileEncoding = 4; lastKnownFileType = sourcecode.c.objc; path = OpenTV.m; sourceTree = "<group>"; };
		245414B8277C363000DFC18E /* Remote.m */ = {isa = PBXFileReference; fileEncoding = 4; lastKnownFileType = sourcecode.c.objc; path = Remote.m; sourceTree = "<group>"; };
		245414B9277C363000DFC18E /* CloseTV.m */ = {isa = PBXFileReference; fileEncoding = 4; lastKnownFileType = sourcecode.c.objc; path = CloseTV.m; sourceTree = "<group>"; };
		245414BA277C363000DFC18E /* OpenTV.h */ = {isa = PBXFileReference; fileEncoding = 4; lastKnownFileType = sourcecode.c.h; path = OpenTV.h; sourceTree = "<group>"; };
		245414BB277C363000DFC18E /* CloseTV.h */ = {isa = PBXFileReference; fileEncoding = 4; lastKnownFileType = sourcecode.c.h; path = CloseTV.h; sourceTree = "<group>"; };
		245414C2277C368500DFC18E /* TV.m */ = {isa = PBXFileReference; fileEncoding = 4; lastKnownFileType = sourcecode.c.objc; path = TV.m; sourceTree = "<group>"; };
		245414C3277C368500DFC18E /* TV.h */ = {isa = PBXFileReference; fileEncoding = 4; lastKnownFileType = sourcecode.c.h; path = TV.h; sourceTree = "<group>"; };
		245414CB277C3AFB00DFC18E /* AmericaPower.h */ = {isa = PBXFileReference; fileEncoding = 4; lastKnownFileType = sourcecode.c.h; path = AmericaPower.h; sourceTree = "<group>"; };
		245414CC277C3AFB00DFC18E /* APower.m */ = {isa = PBXFileReference; fileEncoding = 4; lastKnownFileType = sourcecode.c.objc; path = APower.m; sourceTree = "<group>"; };
		245414CE277C3AFB00DFC18E /* CPower.m */ = {isa = PBXFileReference; fileEncoding = 4; lastKnownFileType = sourcecode.c.objc; path = CPower.m; sourceTree = "<group>"; };
		245414CF277C3AFB00DFC18E /* ChinaPower.h */ = {isa = PBXFileReference; fileEncoding = 4; lastKnownFileType = sourcecode.c.h; path = ChinaPower.h; sourceTree = "<group>"; };
		245414D0277C3AFB00DFC18E /* CPower.h */ = {isa = PBXFileReference; fileEncoding = 4; lastKnownFileType = sourcecode.c.h; path = CPower.h; sourceTree = "<group>"; };
		245414D1277C3AFB00DFC18E /* APower.h */ = {isa = PBXFileReference; fileEncoding = 4; lastKnownFileType = sourcecode.c.h; path = APower.h; sourceTree = "<group>"; };
		245414D3277C3AFB00DFC18E /* CObjectPower.h */ = {isa = PBXFileReference; fileEncoding = 4; lastKnownFileType = sourcecode.c.h; path = CObjectPower.h; sourceTree = "<group>"; };
		245414D4277C3AFB00DFC18E /* CObjectPower.m */ = {isa = PBXFileReference; fileEncoding = 4; lastKnownFileType = sourcecode.c.objc; path = CObjectPower.m; sourceTree = "<group>"; };
		245414DA277C3B3B00DFC18E /* TestPower.m */ = {isa = PBXFileReference; lastKnownFileType = sourcecode.c.objc; path = TestPower.m; sourceTree = "<group>"; };
		24840B982779D17A00B97C83 /* designpattern */ = {isa = PBXFileReference; explicitFileType = "compiled.mach-o.executable"; includeInIndex = 0; path = designpattern; sourceTree = BUILT_PRODUCTS_DIR; };
		24840B9B2779D17A00B97C83 /* main.m */ = {isa = PBXFileReference; lastKnownFileType = sourcecode.c.objc; path = main.m; sourceTree = "<group>"; };
		24840BE52779D32F00B97C83 /* Quack.m */ = {isa = PBXFileReference; fileEncoding = 4; lastKnownFileType = sourcecode.c.objc; path = Quack.m; sourceTree = "<group>"; };
		24840BE62779D32F00B97C83 /* MiniDuck.h */ = {isa = PBXFileReference; fileEncoding = 4; lastKnownFileType = sourcecode.c.h; path = MiniDuck.h; sourceTree = "<group>"; };
		24840BE72779D32F00B97C83 /* FlyNoWay.m */ = {isa = PBXFileReference; fileEncoding = 4; lastKnownFileType = sourcecode.c.objc; path = FlyNoWay.m; sourceTree = "<group>"; };
		24840BE82779D32F00B97C83 /* Duck.h */ = {isa = PBXFileReference; fileEncoding = 4; lastKnownFileType = sourcecode.c.h; path = Duck.h; sourceTree = "<group>"; };
		24840BE92779D32F00B97C83 /* FlyyWithWings.m */ = {isa = PBXFileReference; fileEncoding = 4; lastKnownFileType = sourcecode.c.objc; path = FlyyWithWings.m; sourceTree = "<group>"; };
		24840BEA2779D32F00B97C83 /* FlyBehavior.h */ = {isa = PBXFileReference; fileEncoding = 4; lastKnownFileType = sourcecode.c.h; path = FlyBehavior.h; sourceTree = "<group>"; };
		24840BEB2779D32F00B97C83 /* MuteQuack.m */ = {isa = PBXFileReference; fileEncoding = 4; lastKnownFileType = sourcecode.c.objc; path = MuteQuack.m; sourceTree = "<group>"; };
		24840BEC2779D32F00B97C83 /* Squeak.m */ = {isa = PBXFileReference; fileEncoding = 4; lastKnownFileType = sourcecode.c.objc; path = Squeak.m; sourceTree = "<group>"; };
		24840BED2779D32F00B97C83 /* ModelDuck.h */ = {isa = PBXFileReference; fileEncoding = 4; lastKnownFileType = sourcecode.c.h; path = ModelDuck.h; sourceTree = "<group>"; };
		24840BEE2779D32F00B97C83 /* MiniDuck.m */ = {isa = PBXFileReference; fileEncoding = 4; lastKnownFileType = sourcecode.c.objc; path = MiniDuck.m; sourceTree = "<group>"; };
		24840BEF2779D32F00B97C83 /* Quack.h */ = {isa = PBXFileReference; fileEncoding = 4; lastKnownFileType = sourcecode.c.h; path = Quack.h; sourceTree = "<group>"; };
		24840BF02779D32F00B97C83 /* Duck.m */ = {isa = PBXFileReference; fileEncoding = 4; lastKnownFileType = sourcecode.c.objc; path = Duck.m; sourceTree = "<group>"; };
		24840BF12779D32F00B97C83 /* QuackBehavior.h */ = {isa = PBXFileReference; fileEncoding = 4; lastKnownFileType = sourcecode.c.h; path = QuackBehavior.h; sourceTree = "<group>"; };
		24840BF22779D32F00B97C83 /* FlyNoWay.h */ = {isa = PBXFileReference; fileEncoding = 4; lastKnownFileType = sourcecode.c.h; path = FlyNoWay.h; sourceTree = "<group>"; };
		24840BF32779D32F00B97C83 /* MuteQuack.h */ = {isa = PBXFileReference; fileEncoding = 4; lastKnownFileType = sourcecode.c.h; path = MuteQuack.h; sourceTree = "<group>"; };
		24840BF42779D32F00B97C83 /* FlyyWithWings.h */ = {isa = PBXFileReference; fileEncoding = 4; lastKnownFileType = sourcecode.c.h; path = FlyyWithWings.h; sourceTree = "<group>"; };
		24840BF52779D32F00B97C83 /* ModelDuck.m */ = {isa = PBXFileReference; fileEncoding = 4; lastKnownFileType = sourcecode.c.objc; path = ModelDuck.m; sourceTree = "<group>"; };
		24840BF62779D32F00B97C83 /* Squeak.h */ = {isa = PBXFileReference; fileEncoding = 4; lastKnownFileType = sourcecode.c.h; path = Squeak.h; sourceTree = "<group>"; };
		24840BF72779D32F00B97C83 /* README.md */ = {isa = PBXFileReference; fileEncoding = 4; lastKnownFileType = net.daringfireball.markdown; path = README.md; sourceTree = "<group>"; };
		24840C012779D33900B97C83 /* README.md */ = {isa = PBXFileReference; fileEncoding = 4; lastKnownFileType = net.daringfireball.markdown; path = README.md; sourceTree = "<group>"; };
		24840C032779D33900B97C83 /* WeatherData.m */ = {isa = PBXFileReference; fileEncoding = 4; lastKnownFileType = sourcecode.c.objc; path = WeatherData.m; sourceTree = "<group>"; };
		24840C042779D33900B97C83 /* Observerable.m */ = {isa = PBXFileReference; fileEncoding = 4; lastKnownFileType = sourcecode.c.objc; path = Observerable.m; sourceTree = "<group>"; };
		24840C052779D33900B97C83 /* Observer.h */ = {isa = PBXFileReference; fileEncoding = 4; lastKnownFileType = sourcecode.c.h; path = Observer.h; sourceTree = "<group>"; };
		24840C062779D33900B97C83 /* WeatherDataNew.h */ = {isa = PBXFileReference; fileEncoding = 4; lastKnownFileType = sourcecode.c.h; path = WeatherDataNew.h; sourceTree = "<group>"; };
		24840C072779D33900B97C83 /* DisplayElement.h */ = {isa = PBXFileReference; fileEncoding = 4; lastKnownFileType = sourcecode.c.h; path = DisplayElement.h; sourceTree = "<group>"; };
		24840C082779D33900B97C83 /* CurrentConditionsDisplay.h */ = {isa = PBXFileReference; fileEncoding = 4; lastKnownFileType = sourcecode.c.h; path = CurrentConditionsDisplay.h; sourceTree = "<group>"; };
		24840C092779D33900B97C83 /* CurrentConditionsDisplayNew.h */ = {isa = PBXFileReference; fileEncoding = 4; lastKnownFileType = sourcecode.c.h; path = CurrentConditionsDisplayNew.h; sourceTree = "<group>"; };
		24840C0A2779D33900B97C83 /* Observerable.h */ = {isa = PBXFileReference; fileEncoding = 4; lastKnownFileType = sourcecode.c.h; path = Observerable.h; sourceTree = "<group>"; };
		24840C0B2779D33900B97C83 /* WeatherData.h */ = {isa = PBXFileReference; fileEncoding = 4; lastKnownFileType = sourcecode.c.h; path = WeatherData.h; sourceTree = "<group>"; };
		24840C0C2779D33900B97C83 /* CurrentConditionsDisplayNew.m */ = {isa = PBXFileReference; fileEncoding = 4; lastKnownFileType = sourcecode.c.objc; path = CurrentConditionsDisplayNew.m; sourceTree = "<group>"; };
		24840C0D2779D33900B97C83 /* CurrentConditionsDisplay.m */ = {isa = PBXFileReference; fileEncoding = 4; lastKnownFileType = sourcecode.c.objc; path = CurrentConditionsDisplay.m; sourceTree = "<group>"; };
		24840C0E2779D33900B97C83 /* WeatherDataNew.m */ = {isa = PBXFileReference; fileEncoding = 4; lastKnownFileType = sourcecode.c.objc; path = WeatherDataNew.m; sourceTree = "<group>"; };
		24840C0F2779D33900B97C83 /* Subject.h */ = {isa = PBXFileReference; fileEncoding = 4; lastKnownFileType = sourcecode.c.h; path = Subject.h; sourceTree = "<group>"; };
		24840C172779D43100B97C83 /* testcelue.m */ = {isa = PBXFileReference; lastKnownFileType = sourcecode.c.objc; path = testcelue.m; sourceTree = "<group>"; };
		24840C1B2779D4F600B97C83 /* testObservable.m */ = {isa = PBXFileReference; lastKnownFileType = sourcecode.c.objc; path = testObservable.m; sourceTree = "<group>"; };
		24BD50892779D89E000197BF /* testZhuangshi.m */ = {isa = PBXFileReference; lastKnownFileType = sourcecode.c.objc; path = testZhuangshi.m; sourceTree = "<group>"; };
		24BD50932779D8E0000197BF /* README.md */ = {isa = PBXFileReference; fileEncoding = 4; lastKnownFileType = net.daringfireball.markdown; path = README.md; sourceTree = "<group>"; };
		24BD50942779D8EA000197BF /* README.md */ = {isa = PBXFileReference; fileEncoding = 4; lastKnownFileType = net.daringfireball.markdown; name = README.md; path = ../README.md; sourceTree = "<group>"; };
		24BD50982779DF0C000197BF /* Beverage.h */ = {isa = PBXFileReference; lastKnownFileType = sourcecode.c.h; path = Beverage.h; sourceTree = "<group>"; };
		24BD50992779DF0C000197BF /* Beverage.m */ = {isa = PBXFileReference; lastKnownFileType = sourcecode.c.objc; path = Beverage.m; sourceTree = "<group>"; };
		24BD509D2779DF6F000197BF /* CondimentDecorator.h */ = {isa = PBXFileReference; lastKnownFileType = sourcecode.c.h; path = CondimentDecorator.h; sourceTree = "<group>"; };
		24BD509E2779DF6F000197BF /* CondimentDecorator.m */ = {isa = PBXFileReference; lastKnownFileType = sourcecode.c.objc; path = CondimentDecorator.m; sourceTree = "<group>"; };
		24BD50A32779DF9E000197BF /* Espresso.h */ = {isa = PBXFileReference; lastKnownFileType = sourcecode.c.h; path = Espresso.h; sourceTree = "<group>"; };
		24BD50A42779DF9E000197BF /* Espresso.m */ = {isa = PBXFileReference; lastKnownFileType = sourcecode.c.objc; path = Espresso.m; sourceTree = "<group>"; };
		24BD50A72779E00B000197BF /* HouseBlend.h */ = {isa = PBXFileReference; lastKnownFileType = sourcecode.c.h; path = HouseBlend.h; sourceTree = "<group>"; };
		24BD50A82779E00B000197BF /* HouseBlend.m */ = {isa = PBXFileReference; lastKnownFileType = sourcecode.c.objc; path = HouseBlend.m; sourceTree = "<group>"; };
		24BD50AB2779E078000197BF /* Mocha.h */ = {isa = PBXFileReference; lastKnownFileType = sourcecode.c.h; path = Mocha.h; sourceTree = "<group>"; };
		24BD50AC2779E078000197BF /* Mocha.m */ = {isa = PBXFileReference; lastKnownFileType = sourcecode.c.objc; path = Mocha.m; sourceTree = "<group>"; };
/* End PBXFileReference section */

/* Begin PBXFrameworksBuildPhase section */
		24840B952779D17A00B97C83 /* Frameworks */ = {
			isa = PBXFrameworksBuildPhase;
			buildActionMask = 2147483647;
			files = (
			);
			runOnlyForDeploymentPostprocessing = 0;
		};
/* End PBXFrameworksBuildPhase section */

/* Begin PBXGroup section */
		245413AD277AA30300DFC18E /* 工厂模式 */ = {
			isa = PBXGroup;
			children = (
				245414A4277B378E00DFC18E /* 1682758-a145bc0eb9f2712a.png */,
				245414A5277B37B800DFC18E /* 1682758-fa2029ff9851139a.png */,
				245414A6277B380D00DFC18E /* 1682758-c306cda1b2923386.png */,
				24541467277B355E00DFC18E /* example */,
				245413AE277AA33100DFC18E /* README.md */,
				245413B0277AA4F700DFC18E /* Pizza */,
			);
			path = "工厂模式";
			sourceTree = "<group>";
		};
		245413AF277AA4E600DFC18E /* 简单工厂模式 */ = {
			isa = PBXGroup;
			children = (
				245413B1277AA52000DFC18E /* SimplePizzaFactory.h */,
				245413B2277AA52000DFC18E /* SimplePizzaFactory.m */,
				245413C8277AA68800DFC18E /* SimplePizzaStore.h */,
				245413C9277AA68800DFC18E /* SimplePizzaStore.m */,
			);
			path = "简单工厂模式";
			sourceTree = "<group>";
		};
		245413B0277AA4F700DFC18E /* Pizza */ = {
			isa = PBXGroup;
			children = (
				245413E7277AE55E00DFC18E /* 抽象工厂 */,
				245413CC277AAB2600DFC18E /* 工厂模式 */,
				245413B6277AA54800DFC18E /* Pizza.h */,
				245413B7277AA54800DFC18E /* Pizza.m */,
				245413BA277AA5BC00DFC18E /* CheesePizza.h */,
				245413BB277AA5BC00DFC18E /* CheesePizza.m */,
				245413BE277AA5CF00DFC18E /* PepperoniPizza.h */,
				245413BF277AA5CF00DFC18E /* PepperoniPizza.m */,
				245413AF277AA4E600DFC18E /* 简单工厂模式 */,
			);
			path = Pizza;
			sourceTree = "<group>";
		};
		245413CC277AAB2600DFC18E /* 工厂模式 */ = {
			isa = PBXGroup;
			children = (
				245413CD277AACD000DFC18E /* NYStyleCheesePizza.h */,
				245413CE277AACD000DFC18E /* NYStyleCheesePizza.m */,
				245413D1277AAD4A00DFC18E /* ChicagoStleCheesePizza.h */,
				245413D2277AAD4A00DFC18E /* ChicagoStleCheesePizza.m */,
				245413D5277AAECA00DFC18E /* PizzaStore.h */,
				245413D6277AAECA00DFC18E /* PizzaStore.m */,
				245413D9277AAF9500DFC18E /* NYPizzaStore.h */,
				245413DA277AAF9500DFC18E /* NYPizzaStore.m */,
				245413E2277AB0F200DFC18E /* ChicagoPizzaStore.h */,
				245413E3277AB0F200DFC18E /* ChicagoPizzaStore.m */,
				245413DE277AB02900DFC18E /* TestFactory.m */,
			);
			path = "工厂模式";
			sourceTree = "<group>";
		};
		245413E7277AE55E00DFC18E /* 抽象工厂 */ = {
			isa = PBXGroup;
			children = (
				245413E8277AE58F00DFC18E /* PizzaIngredientFactory.h */,
				245413E9277AE5F900DFC18E /* Dough.h */,
				245413EA277AE60200DFC18E /* Sauce.h */,
				245413EB277AE65D00DFC18E /* ThinCrustDough.h */,
				245413EC277AE65D00DFC18E /* ThinCrustDough.m */,
				245413EF277AE6D100DFC18E /* MarinaraSouce.h */,
				245413F0277AE6D100DFC18E /* MarinaraSouce.m */,
				245413F3277AE9BA00DFC18E /* CheesePizzaC.h */,
				245413F4277AE9BA00DFC18E /* CheesePizzaC.m */,
				245413F7277AEE3400DFC18E /* CHPizzaStore.h */,
				245413F8277AEE3400DFC18E /* CHPizzaStore.m */,
				245413FB277AEE8600DFC18E /* ChPizzaIngredientFactory.h */,
				245413FC277AEE8600DFC18E /* ChPizzaIngredientFactory.m */,
				24541400277AEF9B00DFC18E /* TestFactoryChou.m */,
			);
			path = "抽象工厂";
			sourceTree = "<group>";
		};
		24541405277B07A400DFC18E /* 单例模式 */ = {
			isa = PBXGroup;
			children = (
				24541406277B07C300DFC18E /* README.md */,
			);
			path = "单例模式";
			sourceTree = "<group>";
		};
		24541407277B09D500DFC18E /* 命令模式 */ = {
			isa = PBXGroup;
			children = (
				24541408277B09E600DFC18E /* README.md */,
				245414AE277C343F00DFC18E /* 1682758-eedc619fdfb8b9a1.png */,
				245414AD277C341C00DFC18E /* 1682758-43bc769e189fa47e.png */,
				245414AC277C33FA00DFC18E /* 1682758-2a2e96ed144ce1cd.png */,
				245414AB277C33CF00DFC18E /* 1682758-0ddfc31c4023645b.png */,
				24541418277B22B900DFC18E /* TestRemote.m */,
				2454140A277B0DA400DFC18E /* Command.h */,
				245414B1277C35FB00DFC18E /* remote */,
				24541409277B0D7E00DFC18E /* 遥控器 */,
			);
			path = "命令模式";
			sourceTree = "<group>";
		};
		24541409277B0D7E00DFC18E /* 遥控器 */ = {
			isa = PBXGroup;
			children = (
				24541413277B0EF400DFC18E /* SimpleRemoteControl.h */,
				24541414277B0EF400DFC18E /* SimpleRemoteControl.m */,
				2454140B277B0DC800DFC18E /* Light.h */,
				2454140C277B0DC800DFC18E /* Light.m */,
				2454140F277B0E1400DFC18E /* LightOnCommand.h */,
				24541410277B0E1400DFC18E /* LightOnCommand.m */,
				2454141C277B243100DFC18E /* GarageDoor.h */,
				2454141D277B243100DFC18E /* GarageDoor.m */,
				24541420277B245F00DFC18E /* GarageDoorOpenCommand.h */,
				24541421277B245F00DFC18E /* GarageDoorOpenCommand.m */,
			);
			path = "遥控器";
			sourceTree = "<group>";
		};
		24541425277B2ADD00DFC18E /* 适配器模式 */ = {
			isa = PBXGroup;
			children = (
				24541426277B2AF600DFC18E /* README.md */,
				245414CA277C3AE700DFC18E /* Power */,
				245414B0277C35C200DFC18E /* 1682758-7097aa2f79777bc6.png */,
				245414AF277C359A00DFC18E /* 1682758-1dbbca9c133ea5db.png */,
				245414DA277C3B3B00DFC18E /* TestPower.m */,
			);
			path = "适配器模式";
			sourceTree = "<group>";
		};
		2454142A277B2C5900DFC18E /* 计算器 */ = {
			isa = PBXGroup;
			children = (
				2454142C277B2C6B00DFC18E /* Context.h */,
				2454142E277B2C6B00DFC18E /* Context.m */,
				24541432277B2C6C00DFC18E /* OperationAdd.h */,
				24541431277B2C6C00DFC18E /* OperationAdd.m */,
				2454142B277B2C6B00DFC18E /* OperationMultiply.h */,
				2454142D277B2C6B00DFC18E /* OperationMultiply.m */,
				2454142F277B2C6C00DFC18E /* OperationSubStract.h */,
				24541433277B2C6C00DFC18E /* OperationSubStract.m */,
				24541430277B2C6C00DFC18E /* Strategy.h */,
			);
			path = "计算器";
			sourceTree = "<group>";
		};
		24541442277B2F1700DFC18E /* 论坛 */ = {
			isa = PBXGroup;
			children = (
				2454144C277B2F7C00DFC18E /* ObserverableNew.h */,
				24541446277B2F2900DFC18E /* ObserverNew.h */,
				24541443277B2F2800DFC18E /* User.h */,
				24541445277B2F2900DFC18E /* User.m */,
				24541448277B2F2900DFC18E /* WeChatServer.h */,
				24541447277B2F2900DFC18E /* WeChatServer.m */,
			);
			path = "论坛";
			sourceTree = "<group>";
		};
		24541451277B320200DFC18E /* Coffce */ = {
			isa = PBXGroup;
			children = (
				24541457277B321700DFC18E /* Coffce.h */,
				24541456277B321700DFC18E /* Decorator.h */,
				2454145A277B321700DFC18E /* Decorator.m */,
				24541458277B321700DFC18E /* MilkFoamDecrator.h */,
				24541452277B321600DFC18E /* MilkFoamDecrator.m */,
				24541453277B321600DFC18E /* MilkPriceDecorator.h */,
				24541459277B321700DFC18E /* MilkPriceDecorator.m */,
				2454145B277B321700DFC18E /* SimpleCoffce.h */,
				2454145C277B321700DFC18E /* SimpleCoffce.m */,
				24541454277B321600DFC18E /* SugarDecrator.h */,
				24541455277B321600DFC18E /* SugarDecrator.m */,
			);
			path = Coffce;
			sourceTree = "<group>";
		};
		24541467277B355E00DFC18E /* example */ = {
			isa = PBXGroup;
			children = (
				2454148A277B36EA00DFC18E /* 抽象工厂 */,
				2454147D277B368200DFC18E /* 工厂模式 */,
				24541468277B358300DFC18E /* 简单工厂 */,
				24541479277B35EE00DFC18E /* TestFactoryExample.m */,
			);
			path = example;
			sourceTree = "<group>";
		};
		24541468277B358300DFC18E /* 简单工厂 */ = {
			isa = PBXGroup;
			children = (
				2454146F277B35D300DFC18E /* SongA.h */,
				2454146E277B35D300DFC18E /* SongA.m */,
				24541472277B35D300DFC18E /* SongB.h */,
				24541471277B35D300DFC18E /* SongB.m */,
				24541470277B35D300DFC18E /* SongC.h */,
				24541473277B35D300DFC18E /* SongC.m */,
				2454146D277B35BA00DFC18E /* Song.h */,
				2454146A277B35B000DFC18E /* SongFactory.h */,
				24541469277B35B000DFC18E /* SongFactory.m */,
			);
			path = "简单工厂";
			sourceTree = "<group>";
		};
		2454147D277B368200DFC18E /* 工厂模式 */ = {
			isa = PBXGroup;
			children = (
				24541486277B36A800DFC18E /* SongFactoryB.h */,
				24541487277B36A800DFC18E /* SongFactoryB.m */,
				2454147E277B369400DFC18E /* MySongFactory.h */,
				24541481277B36A300DFC18E /* SongFactoryA.h */,
				2454147F277B36A200DFC18E /* SongFactoryA.m */,
				24541480277B36A300DFC18E /* SongFactoryC.h */,
				24541482277B36A300DFC18E /* SongFactoryC.m */,
			);
			path = "工厂模式";
			sourceTree = "<group>";
		};
		2454148A277B36EA00DFC18E /* 抽象工厂 */ = {
			isa = PBXGroup;
			children = (
				2454148E277B36F700DFC18E /* audio.h */,
				24541494277B36F800DFC18E /* AudioA.h */,
				2454148B277B36F700DFC18E /* AudioA.m */,
				24541499277B36F800DFC18E /* AudioB.h */,
				2454148D277B36F700DFC18E /* AudioB.m */,
				2454148C277B36F700DFC18E /* Microphone.h */,
				24541493277B36F700DFC18E /* MicrophoneA.h */,
				2454149A277B36F800DFC18E /* MicrophoneA.m */,
				2454148F277B36F700DFC18E /* MicrophoneB.h */,
				24541497277B36F800DFC18E /* MicrophoneB.m */,
				24541496277B36F800DFC18E /* PersionNeeds.h */,
				24541492277B36F700DFC18E /* PersionNeedsA.h */,
				2454149B277B36F800DFC18E /* PersionNeedsA.m */,
				24541495277B36F800DFC18E /* PersionNeedsB.h */,
				24541490277B36F700DFC18E /* PersionNeedsB.m */,
				24541491277B36F700DFC18E /* PersionNeedsC.h */,
				24541498277B36F800DFC18E /* PersionNeedsC.m */,
			);
			path = "抽象工厂";
			sourceTree = "<group>";
		};
		245414B1277C35FB00DFC18E /* remote */ = {
			isa = PBXGroup;
			children = (
				245414C3277C368500DFC18E /* TV.h */,
				245414C2277C368500DFC18E /* TV.m */,
				245414BB277C363000DFC18E /* CloseTV.h */,
				245414B9277C363000DFC18E /* CloseTV.m */,
				245414BA277C363000DFC18E /* OpenTV.h */,
				245414B6277C363000DFC18E /* OpenTV.m */,
				245414B5277C363000DFC18E /* Remote.h */,
				245414B8277C363000DFC18E /* Remote.m */,
			);
			path = remote;
			sourceTree = "<group>";
		};
		245414CA277C3AE700DFC18E /* Power */ = {
			isa = PBXGroup;
			children = (
				245414CB277C3AFB00DFC18E /* AmericaPower.h */,
				245414D1277C3AFB00DFC18E /* APower.h */,
				245414CC277C3AFB00DFC18E /* APower.m */,
				245414D2277C3AFB00DFC18E /* 对象适配器 */,
				245414CD277C3AFB00DFC18E /* 类适配器 */,
			);
			path = Power;
			sourceTree = "<group>";
		};
		245414CD277C3AFB00DFC18E /* 类适配器 */ = {
			isa = PBXGroup;
			children = (
				245414CE277C3AFB00DFC18E /* CPower.m */,
				245414CF277C3AFB00DFC18E /* ChinaPower.h */,
				245414D0277C3AFB00DFC18E /* CPower.h */,
			);
			path = "类适配器";
			sourceTree = "<group>";
		};
		245414D2277C3AFB00DFC18E /* 对象适配器 */ = {
			isa = PBXGroup;
			children = (
				245414D3277C3AFB00DFC18E /* CObjectPower.h */,
				245414D4277C3AFB00DFC18E /* CObjectPower.m */,
			);
			path = "对象适配器";
			sourceTree = "<group>";
		};
		24840B8F2779D17A00B97C83 = {
			isa = PBXGroup;
			children = (
				24BD50942779D8EA000197BF /* README.md */,
				24541425277B2ADD00DFC18E /* 适配器模式 */,
				24541407277B09D500DFC18E /* 命令模式 */,
				24541405277B07A400DFC18E /* 单例模式 */,
				245413AD277AA30300DFC18E /* 工厂模式 */,
				24BD50872779D892000197BF /* 装饰模式 */,
				24840BA32779D1B400B97C83 /* 观察者模式 */,
				24840BA42779D22300B97C83 /* 策略模式 */,
				24840B9A2779D17A00B97C83 /* designpattern */,
				24840B992779D17A00B97C83 /* Products */,
			);
			sourceTree = "<group>";
		};
		24840B992779D17A00B97C83 /* Products */ = {
			isa = PBXGroup;
			children = (
				24840B982779D17A00B97C83 /* designpattern */,
			);
			name = Products;
			sourceTree = "<group>";
		};
		24840B9A2779D17A00B97C83 /* designpattern */ = {
			isa = PBXGroup;
			children = (
				24840B9B2779D17A00B97C83 /* main.m */,
			);
			path = designpattern;
			sourceTree = "<group>";
		};
		24840BA32779D1B400B97C83 /* 观察者模式 */ = {
			isa = PBXGroup;
			children = (
				24840C012779D33900B97C83 /* README.md */,
				24541442277B2F1700DFC18E /* 论坛 */,
				24840C022779D33900B97C83 /* 气象站 */,
				24840C1B2779D4F600B97C83 /* testObservable.m */,
			);
			path = "观察者模式";
			sourceTree = "<group>";
		};
		24840BA42779D22300B97C83 /* 策略模式 */ = {
			isa = PBXGroup;
			children = (
				2454143E277B2DB500DFC18E /* image1.png */,
				2454142A277B2C5900DFC18E /* 计算器 */,
				24840BE42779D32F00B97C83 /* duck */,
				24840BF72779D32F00B97C83 /* README.md */,
				24840C172779D43100B97C83 /* testcelue.m */,
			);
			path = "策略模式";
			sourceTree = "<group>";
		};
		24840BE42779D32F00B97C83 /* duck */ = {
			isa = PBXGroup;
			children = (
				24840BE52779D32F00B97C83 /* Quack.m */,
				24840BE62779D32F00B97C83 /* MiniDuck.h */,
				24840BE72779D32F00B97C83 /* FlyNoWay.m */,
				24840BE82779D32F00B97C83 /* Duck.h */,
				24840BE92779D32F00B97C83 /* FlyyWithWings.m */,
				24840BEA2779D32F00B97C83 /* FlyBehavior.h */,
				24840BEB2779D32F00B97C83 /* MuteQuack.m */,
				24840BEC2779D32F00B97C83 /* Squeak.m */,
				24840BED2779D32F00B97C83 /* ModelDuck.h */,
				24840BEE2779D32F00B97C83 /* MiniDuck.m */,
				24840BEF2779D32F00B97C83 /* Quack.h */,
				24840BF02779D32F00B97C83 /* Duck.m */,
				24840BF12779D32F00B97C83 /* QuackBehavior.h */,
				24840BF22779D32F00B97C83 /* FlyNoWay.h */,
				24840BF32779D32F00B97C83 /* MuteQuack.h */,
				24840BF42779D32F00B97C83 /* FlyyWithWings.h */,
				24840BF52779D32F00B97C83 /* ModelDuck.m */,
				24840BF62779D32F00B97C83 /* Squeak.h */,
			);
			path = duck;
			sourceTree = "<group>";
		};
		24840C022779D33900B97C83 /* 气象站 */ = {
			isa = PBXGroup;
			children = (
				24840C032779D33900B97C83 /* WeatherData.m */,
				24840C042779D33900B97C83 /* Observerable.m */,
				24840C052779D33900B97C83 /* Observer.h */,
				24840C062779D33900B97C83 /* WeatherDataNew.h */,
				24840C072779D33900B97C83 /* DisplayElement.h */,
				24840C082779D33900B97C83 /* CurrentConditionsDisplay.h */,
				24840C092779D33900B97C83 /* CurrentConditionsDisplayNew.h */,
				24840C0A2779D33900B97C83 /* Observerable.h */,
				24840C0B2779D33900B97C83 /* WeatherData.h */,
				24840C0C2779D33900B97C83 /* CurrentConditionsDisplayNew.m */,
				24840C0D2779D33900B97C83 /* CurrentConditionsDisplay.m */,
				24840C0E2779D33900B97C83 /* WeatherDataNew.m */,
				24840C0F2779D33900B97C83 /* Subject.h */,
			);
			path = "气象站";
			sourceTree = "<group>";
		};
		24BD50872779D892000197BF /* 装饰模式 */ = {
			isa = PBXGroup;
			children = (
				24541451277B320200DFC18E /* Coffce */,
				24BD50952779DE0A000197BF /* Beverage */,
				24BD50932779D8E0000197BF /* README.md */,
				24541463277B32BC00DFC18E /* 1682758-c4b5970524663587.png */,
				24BD50892779D89E000197BF /* testZhuangshi.m */,
			);
			path = "装饰模式";
			sourceTree = "<group>";
		};
		24BD50952779DE0A000197BF /* Beverage */ = {
			isa = PBXGroup;
			children = (
				24BD50A32779DF9E000197BF /* Espresso.h */,
				24BD50A42779DF9E000197BF /* Espresso.m */,
				24BD50A72779E00B000197BF /* HouseBlend.h */,
				24BD50A82779E00B000197BF /* HouseBlend.m */,
				24BD50A12779DF7F000197BF /* Condiment */,
				24BD50982779DF0C000197BF /* Beverage.h */,
				24BD50992779DF0C000197BF /* Beverage.m */,
			);
			path = Beverage;
			sourceTree = "<group>";
		};
		24BD50A12779DF7F000197BF /* Condiment */ = {
			isa = PBXGroup;
			children = (
				24BD509D2779DF6F000197BF /* CondimentDecorator.h */,
				24BD509E2779DF6F000197BF /* CondimentDecorator.m */,
				24BD50AB2779E078000197BF /* Mocha.h */,
				24BD50AC2779E078000197BF /* Mocha.m */,
			);
			path = Condiment;
			sourceTree = "<group>";
		};
/* End PBXGroup section */

/* Begin PBXNativeTarget section */
		24840B972779D17A00B97C83 /* designpattern */ = {
			isa = PBXNativeTarget;
			buildConfigurationList = 24840B9F2779D17A00B97C83 /* Build configuration list for PBXNativeTarget "designpattern" */;
			buildPhases = (
				24840B942779D17A00B97C83 /* Sources */,
				24840B952779D17A00B97C83 /* Frameworks */,
				24840B962779D17A00B97C83 /* CopyFiles */,
			);
			buildRules = (
			);
			dependencies = (
			);
			name = designpattern;
			productName = designpattern;
			productReference = 24840B982779D17A00B97C83 /* designpattern */;
			productType = "com.apple.product-type.tool";
		};
/* End PBXNativeTarget section */

/* Begin PBXProject section */
		24840B902779D17A00B97C83 /* Project object */ = {
			isa = PBXProject;
			attributes = {
				LastUpgradeCheck = 1240;
				ORGANIZATIONNAME = com.open.design;
				TargetAttributes = {
					24840B972779D17A00B97C83 = {
						CreatedOnToolsVersion = 12.4;
					};
				};
			};
			buildConfigurationList = 24840B932779D17A00B97C83 /* Build configuration list for PBXProject "designpattern" */;
			compatibilityVersion = "Xcode 9.3";
			developmentRegion = en;
			hasScannedForEncodings = 0;
			knownRegions = (
				en,
				Base,
			);
			mainGroup = 24840B8F2779D17A00B97C83;
			productRefGroup = 24840B992779D17A00B97C83 /* Products */;
			projectDirPath = "";
			projectRoot = "";
			targets = (
				24840B972779D17A00B97C83 /* designpattern */,
			);
		};
/* End PBXProject section */

/* Begin PBXSourcesBuildPhase section */
		24840B942779D17A00B97C83 /* Sources */ = {
			isa = PBXSourcesBuildPhase;
			buildActionMask = 2147483647;
			files = (
				24541474277B35D300DFC18E /* SongA.m in Sources */,
				24541449277B2F2900DFC18E /* User.m in Sources */,
				24541419277B22B900DFC18E /* TestRemote.m in Sources */,
				245413DF277AB02900DFC18E /* TestFactory.m in Sources */,
				245413B8277AA54800DFC18E /* Pizza.m in Sources */,
				245413ED277AE65D00DFC18E /* ThinCrustDough.m in Sources */,
				2454145D277B321700DFC18E /* MilkFoamDecrator.m in Sources */,
				245413F5277AE9BA00DFC18E /* CheesePizzaC.m in Sources */,
				24840C1C2779D4F600B97C83 /* testObservable.m in Sources */,
				245414D5277C3AFB00DFC18E /* APower.m in Sources */,
				245414A1277B36F800DFC18E /* MicrophoneA.m in Sources */,
				245413CF277AACD000DFC18E /* NYStyleCheesePizza.m in Sources */,
				245413DB277AAF9500DFC18E /* NYPizzaStore.m in Sources */,
				24840C102779D33900B97C83 /* WeatherData.m in Sources */,
				245413CA277AA68800DFC18E /* SimplePizzaStore.m in Sources */,
				245414BE277C363000DFC18E /* CloseTV.m in Sources */,
				24541483277B36A300DFC18E /* SongFactoryA.m in Sources */,
				24840BFF2779D32F00B97C83 /* ModelDuck.m in Sources */,
				245414A2277B36F800DFC18E /* PersionNeedsA.m in Sources */,
				24840BFE2779D32F00B97C83 /* Duck.m in Sources */,
				24BD509A2779DF0C000197BF /* Beverage.m in Sources */,
				2454149E277B36F800DFC18E /* PersionNeedsB.m in Sources */,
				24BD50A92779E00B000197BF /* HouseBlend.m in Sources */,
				24541422277B245F00DFC18E /* GarageDoorOpenCommand.m in Sources */,
				24541461277B321700DFC18E /* SimpleCoffce.m in Sources */,
				24541434277B2C6C00DFC18E /* OperationMultiply.m in Sources */,
				24840C132779D33900B97C83 /* CurrentConditionsDisplay.m in Sources */,
				24541437277B2C6C00DFC18E /* OperationSubStract.m in Sources */,
				2454145E277B321700DFC18E /* SugarDecrator.m in Sources */,
				245413D3277AAD4A00DFC18E /* ChicagoStleCheesePizza.m in Sources */,
				24541411277B0E1400DFC18E /* LightOnCommand.m in Sources */,
				24541488277B36A800DFC18E /* SongFactoryB.m in Sources */,
				245413F9277AEE3400DFC18E /* CHPizzaStore.m in Sources */,
				2454144A277B2F2900DFC18E /* WeChatServer.m in Sources */,
				24541435277B2C6C00DFC18E /* Context.m in Sources */,
				245414C4277C368500DFC18E /* TV.m in Sources */,
				2454141E277B243100DFC18E /* GarageDoor.m in Sources */,
				24840BF92779D32F00B97C83 /* FlyNoWay.m in Sources */,
				245413F1277AE6D100DFC18E /* MarinaraSouce.m in Sources */,
				245414A0277B36F800DFC18E /* PersionNeedsC.m in Sources */,
				2454146B277B35B000DFC18E /* SongFactory.m in Sources */,
				24840BFC2779D32F00B97C83 /* Squeak.m in Sources */,
				245414BC277C363000DFC18E /* OpenTV.m in Sources */,
				2454149D277B36F800DFC18E /* AudioB.m in Sources */,
				245414DB277C3B3B00DFC18E /* TestPower.m in Sources */,
				245414BD277C363000DFC18E /* Remote.m in Sources */,
				24840C122779D33900B97C83 /* CurrentConditionsDisplayNew.m in Sources */,
				24BD509F2779DF6F000197BF /* CondimentDecorator.m in Sources */,
				245413B3277AA52000DFC18E /* SimplePizzaFactory.m in Sources */,
				24541484277B36A300DFC18E /* SongFactoryC.m in Sources */,
				24840B9C2779D17A00B97C83 /* main.m in Sources */,
				24840C182779D43100B97C83 /* testcelue.m in Sources */,
				24840BFA2779D32F00B97C83 /* FlyyWithWings.m in Sources */,
				2454145F277B321700DFC18E /* MilkPriceDecorator.m in Sources */,
				24840BF82779D32F00B97C83 /* Quack.m in Sources */,
				2454149F277B36F800DFC18E /* MicrophoneB.m in Sources */,
				24541415277B0EF400DFC18E /* SimpleRemoteControl.m in Sources */,
				2454140D277B0DC800DFC18E /* Light.m in Sources */,
				245413E4277AB0F200DFC18E /* ChicagoPizzaStore.m in Sources */,
				2454149C277B36F800DFC18E /* AudioA.m in Sources */,
				24541436277B2C6C00DFC18E /* OperationAdd.m in Sources */,
				24840BFD2779D32F00B97C83 /* MiniDuck.m in Sources */,
				24BD50AD2779E078000197BF /* Mocha.m in Sources */,
				24840C142779D33900B97C83 /* WeatherDataNew.m in Sources */,
				24541476277B35D300DFC18E /* SongC.m in Sources */,
				245414D7277C3AFB00DFC18E /* CObjectPower.m in Sources */,
				24541401277AEF9B00DFC18E /* TestFactoryChou.m in Sources */,
				245413BC277AA5BC00DFC18E /* CheesePizza.m in Sources */,
				24BD508A2779D89E000197BF /* testZhuangshi.m in Sources */,
				2454147A277B35EE00DFC18E /* TestFactoryExample.m in Sources */,
				24BD50A52779DF9E000197BF /* Espresso.m in Sources */,
				245413FD277AEE8600DFC18E /* ChPizzaIngredientFactory.m in Sources */,
				245414D6277C3AFB00DFC18E /* CPower.m in Sources */,
				245413D7277AAECA00DFC18E /* PizzaStore.m in Sources */,
				24840C112779D33900B97C83 /* Observerable.m in Sources */,
				24541475277B35D300DFC18E /* SongB.m in Sources */,
				24840BFB2779D32F00B97C83 /* MuteQuack.m in Sources */,
				245413C0277AA5CF00DFC18E /* PepperoniPizza.m in Sources */,
				24541460277B321700DFC18E /* Decorator.m in Sources */,
			);
			runOnlyForDeploymentPostprocessing = 0;
		};
/* End PBXSourcesBuildPhase section */

/* Begin XCBuildConfiguration section */
		24840B9D2779D17A00B97C83 /* Debug */ = {
			isa = XCBuildConfiguration;
			buildSettings = {
				ALWAYS_SEARCH_USER_PATHS = NO;
				CLANG_ANALYZER_NONNULL = YES;
				CLANG_ANALYZER_NUMBER_OBJECT_CONVERSION = YES_AGGRESSIVE;
				CLANG_CXX_LANGUAGE_STANDARD = "gnu++14";
				CLANG_CXX_LIBRARY = "libc++";
				CLANG_ENABLE_MODULES = YES;
				CLANG_ENABLE_OBJC_ARC = YES;
				CLANG_ENABLE_OBJC_WEAK = YES;
				CLANG_WARN_BLOCK_CAPTURE_AUTORELEASING = YES;
				CLANG_WARN_BOOL_CONVERSION = YES;
				CLANG_WARN_COMMA = YES;
				CLANG_WARN_CONSTANT_CONVERSION = YES;
				CLANG_WARN_DEPRECATED_OBJC_IMPLEMENTATIONS = YES;
				CLANG_WARN_DIRECT_OBJC_ISA_USAGE = YES_ERROR;
				CLANG_WARN_DOCUMENTATION_COMMENTS = YES;
				CLANG_WARN_EMPTY_BODY = YES;
				CLANG_WARN_ENUM_CONVERSION = YES;
				CLANG_WARN_INFINITE_RECURSION = YES;
				CLANG_WARN_INT_CONVERSION = YES;
				CLANG_WARN_NON_LITERAL_NULL_CONVERSION = YES;
				CLANG_WARN_OBJC_IMPLICIT_RETAIN_SELF = YES;
				CLANG_WARN_OBJC_LITERAL_CONVERSION = YES;
				CLANG_WARN_OBJC_ROOT_CLASS = YES_ERROR;
				CLANG_WARN_QUOTED_INCLUDE_IN_FRAMEWORK_HEADER = YES;
				CLANG_WARN_RANGE_LOOP_ANALYSIS = YES;
				CLANG_WARN_STRICT_PROTOTYPES = YES;
				CLANG_WARN_SUSPICIOUS_MOVE = YES;
				CLANG_WARN_UNGUARDED_AVAILABILITY = YES_AGGRESSIVE;
				CLANG_WARN_UNREACHABLE_CODE = YES;
				CLANG_WARN__DUPLICATE_METHOD_MATCH = YES;
				COPY_PHASE_STRIP = NO;
				DEBUG_INFORMATION_FORMAT = dwarf;
				ENABLE_STRICT_OBJC_MSGSEND = YES;
				ENABLE_TESTABILITY = YES;
				GCC_C_LANGUAGE_STANDARD = gnu11;
				GCC_DYNAMIC_NO_PIC = NO;
				GCC_NO_COMMON_BLOCKS = YES;
				GCC_OPTIMIZATION_LEVEL = 0;
				GCC_PREPROCESSOR_DEFINITIONS = (
					"DEBUG=1",
					"$(inherited)",
				);
				GCC_WARN_64_TO_32_BIT_CONVERSION = YES;
				GCC_WARN_ABOUT_RETURN_TYPE = YES_ERROR;
				GCC_WARN_UNDECLARED_SELECTOR = YES;
				GCC_WARN_UNINITIALIZED_AUTOS = YES_AGGRESSIVE;
				GCC_WARN_UNUSED_FUNCTION = YES;
				GCC_WARN_UNUSED_VARIABLE = YES;
				MACOSX_DEPLOYMENT_TARGET = 10.15;
				MTL_ENABLE_DEBUG_INFO = INCLUDE_SOURCE;
				MTL_FAST_MATH = YES;
				ONLY_ACTIVE_ARCH = YES;
				SDKROOT = macosx;
			};
			name = Debug;
		};
		24840B9E2779D17A00B97C83 /* Release */ = {
			isa = XCBuildConfiguration;
			buildSettings = {
				ALWAYS_SEARCH_USER_PATHS = NO;
				CLANG_ANALYZER_NONNULL = YES;
				CLANG_ANALYZER_NUMBER_OBJECT_CONVERSION = YES_AGGRESSIVE;
				CLANG_CXX_LANGUAGE_STANDARD = "gnu++14";
				CLANG_CXX_LIBRARY = "libc++";
				CLANG_ENABLE_MODULES = YES;
				CLANG_ENABLE_OBJC_ARC = YES;
				CLANG_ENABLE_OBJC_WEAK = YES;
				CLANG_WARN_BLOCK_CAPTURE_AUTORELEASING = YES;
				CLANG_WARN_BOOL_CONVERSION = YES;
				CLANG_WARN_COMMA = YES;
				CLANG_WARN_CONSTANT_CONVERSION = YES;
				CLANG_WARN_DEPRECATED_OBJC_IMPLEMENTATIONS = YES;
				CLANG_WARN_DIRECT_OBJC_ISA_USAGE = YES_ERROR;
				CLANG_WARN_DOCUMENTATION_COMMENTS = YES;
				CLANG_WARN_EMPTY_BODY = YES;
				CLANG_WARN_ENUM_CONVERSION = YES;
				CLANG_WARN_INFINITE_RECURSION = YES;
				CLANG_WARN_INT_CONVERSION = YES;
				CLANG_WARN_NON_LITERAL_NULL_CONVERSION = YES;
				CLANG_WARN_OBJC_IMPLICIT_RETAIN_SELF = YES;
				CLANG_WARN_OBJC_LITERAL_CONVERSION = YES;
				CLANG_WARN_OBJC_ROOT_CLASS = YES_ERROR;
				CLANG_WARN_QUOTED_INCLUDE_IN_FRAMEWORK_HEADER = YES;
				CLANG_WARN_RANGE_LOOP_ANALYSIS = YES;
				CLANG_WARN_STRICT_PROTOTYPES = YES;
				CLANG_WARN_SUSPICIOUS_MOVE = YES;
				CLANG_WARN_UNGUARDED_AVAILABILITY = YES_AGGRESSIVE;
				CLANG_WARN_UNREACHABLE_CODE = YES;
				CLANG_WARN__DUPLICATE_METHOD_MATCH = YES;
				COPY_PHASE_STRIP = NO;
				DEBUG_INFORMATION_FORMAT = "dwarf-with-dsym";
				ENABLE_NS_ASSERTIONS = NO;
				ENABLE_STRICT_OBJC_MSGSEND = YES;
				GCC_C_LANGUAGE_STANDARD = gnu11;
				GCC_NO_COMMON_BLOCKS = YES;
				GCC_WARN_64_TO_32_BIT_CONVERSION = YES;
				GCC_WARN_ABOUT_RETURN_TYPE = YES_ERROR;
				GCC_WARN_UNDECLARED_SELECTOR = YES;
				GCC_WARN_UNINITIALIZED_AUTOS = YES_AGGRESSIVE;
				GCC_WARN_UNUSED_FUNCTION = YES;
				GCC_WARN_UNUSED_VARIABLE = YES;
				MACOSX_DEPLOYMENT_TARGET = 10.15;
				MTL_ENABLE_DEBUG_INFO = NO;
				MTL_FAST_MATH = YES;
				SDKROOT = macosx;
			};
			name = Release;
		};
		24840BA02779D17A00B97C83 /* Debug */ = {
			isa = XCBuildConfiguration;
			buildSettings = {
				CODE_SIGN_STYLE = Automatic;
				PRODUCT_NAME = "$(TARGET_NAME)";
			};
			name = Debug;
		};
		24840BA12779D17A00B97C83 /* Release */ = {
			isa = XCBuildConfiguration;
			buildSettings = {
				CODE_SIGN_STYLE = Automatic;
				PRODUCT_NAME = "$(TARGET_NAME)";
			};
			name = Release;
		};
/* End XCBuildConfiguration section */

/* Begin XCConfigurationList section */
		24840B932779D17A00B97C83 /* Build configuration list for PBXProject "designpattern" */ = {
			isa = XCConfigurationList;
			buildConfigurations = (
				24840B9D2779D17A00B97C83 /* Debug */,
				24840B9E2779D17A00B97C83 /* Release */,
			);
			defaultConfigurationIsVisible = 0;
			defaultConfigurationName = Release;
		};
		24840B9F2779D17A00B97C83 /* Build configuration list for PBXNativeTarget "designpattern" */ = {
			isa = XCConfigurationList;
			buildConfigurations = (
				24840BA02779D17A00B97C83 /* Debug */,
				24840BA12779D17A00B97C83 /* Release */,
			);
			defaultConfigurationIsVisible = 0;
			defaultConfigurationName = Release;
		};
/* End XCConfigurationList section */
	};
	rootObject = 24840B902779D17A00B97C83 /* Project object */;
}
